{
  "version": 4,
  "terraform_version": "1.0.5",
  "serial": 126,
  "lineage": "17b45bc0-bff6-d03e-47c0-55eb52fd541d",
  "outputs": {
    "KarthiOCIFlexPublicLoadBalancer_Public_IP": {
      "value": [
        [
          "143.47.244.58"
        ]
      ],
      "type": [
        "tuple",
        [
          [
            "list",
            "string"
          ]
        ]
      ]
    },
    "bastion_ssh_metadata": {
      "value": [
        {
          "command": "ssh -i \u003cprivateKey\u003e -o ProxyCommand=\"ssh -i \u003cprivateKey\u003e -W %h:%p -p 22 ocid1.bastionsession.oc1.uk-london-1.amaaaaaazstgxmiaxdnpi3q7v74qgw2wbdxgmhj6qksf7ylde2k33cgkcoiq@host.bastion.uk-london-1.oci.oraclecloud.com\" -p 22 opc@10.0.1.239"
        },
        {
          "command": "ssh -i \u003cprivateKey\u003e -o ProxyCommand=\"ssh -i \u003cprivateKey\u003e -W %h:%p -p 22 ocid1.bastionsession.oc1.uk-london-1.amaaaaaazstgxmiaemxcpwiktefhlecjehfesqhcqlmnvtjos6zm2ep6zyfq@host.bastion.uk-london-1.oci.oraclecloud.com\" -p 22 opc@10.0.1.63"
        },
        {
          "command": "ssh -i \u003cprivateKey\u003e -o ProxyCommand=\"ssh -i \u003cprivateKey\u003e -W %h:%p -p 22 ocid1.bastionsession.oc1.uk-london-1.amaaaaaazstgxmiaa4omybk4l7y6pfqikqjt6pvvwlgcol7jguk35d4ybjra@host.bastion.uk-london-1.oci.oraclecloud.com\" -p 22 opc@10.0.1.36"
        }
      ],
      "type": [
        "tuple",
        [
          [
            "map",
            "string"
          ],
          [
            "map",
            "string"
          ],
          [
            "map",
            "string"
          ]
        ]
      ]
    },
    "karthiOCIWebserver_PrivateIP": {
      "value": [
        [
          "10.0.1.239",
          "10.0.1.63",
          "10.0.1.36"
        ]
      ],
      "type": [
        "tuple",
        [
          [
            "tuple",
            [
              "string",
              "string",
              "string"
            ]
          ]
        ]
      ]
    }
  },
  "resources": [
    {
      "mode": "data",
      "type": "oci_core_images",
      "name": "InstanceImageOCID",
      "provider": "provider[\"registry.terraform.io/hashicorp/oci\"]",
      "instances": [
        {
          "schema_version": 0,
          "attributes": {
            "compartment_id": "ocid1.tenancy.oc1..aaaaaaaabegzapxv5pe26hgu35c5disknl53q6yfcri2w3n4awmaxrilskza",
            "display_name": null,
            "filter": [
              {
                "name": "display_name",
                "regex": true,
                "values": [
                  "^.*Oracle[^G]*$"
                ]
              }
            ],
            "id": "CoreImagesDataSource-1675675635",
            "images": [
              {
                "agent_features": [],
                "base_image_id": "",
                "billable_size_in_gbs": "3",
                "compartment_id": "",
                "create_image_allowed": true,
                "defined_tags": {},
                "display_name": "Oracle-Linux-7.9-2021.12.08-0",
                "freeform_tags": {},
                "id": "ocid1.image.oc1.uk-london-1.aaaaaaaaoy3hj7nha6yi3jj4f2oaeqp44aak6j34sznk3t3gvugis64ixfsa",
                "image_source_details": [],
                "instance_id": "",
                "launch_mode": "NATIVE",
                "launch_options": [
                  {
                    "boot_volume_type": "PARAVIRTUALIZED",
                    "firmware": "UEFI_64",
                    "is_consistent_volume_naming_enabled": true,
                    "is_pv_encryption_in_transit_enabled": true,
                    "network_type": "PARAVIRTUALIZED",
                    "remote_data_volume_type": "PARAVIRTUALIZED"
                  }
                ],
                "listing_type": "",
                "operating_system": "Oracle Linux",
                "operating_system_version": "7.9",
                "size_in_mbs": "47694",
                "state": "AVAILABLE",
                "time_created": "2021-12-17 17:24:39.874 +0000 UTC"
              },
              {
                "agent_features": [],
                "base_image_id": "",
                "billable_size_in_gbs": "3",
                "compartment_id": "",
                "create_image_allowed": true,
                "defined_tags": {},
                "display_name": "Oracle-Linux-7.9-2021.10.20-0",
                "freeform_tags": {},
                "id": "ocid1.image.oc1.uk-london-1.aaaaaaaaynapo7ejseprjcze5x3qedw5shivmw4kbyi4pmrhkqopht43acka",
                "image_source_details": [],
                "instance_id": "",
                "launch_mode": "NATIVE",
                "launch_options": [
                  {
                    "boot_volume_type": "PARAVIRTUALIZED",
                    "firmware": "UEFI_64",
                    "is_consistent_volume_naming_enabled": true,
                    "is_pv_encryption_in_transit_enabled": true,
                    "network_type": "PARAVIRTUALIZED",
                    "remote_data_volume_type": "PARAVIRTUALIZED"
                  }
                ],
                "listing_type": "",
                "operating_system": "Oracle Linux",
                "operating_system_version": "7.9",
                "size_in_mbs": "47694",
                "state": "AVAILABLE",
                "time_created": "2021-10-26 23:03:54.499 +0000 UTC"
              },
              {
                "agent_features": [],
                "base_image_id": "",
                "billable_size_in_gbs": "4",
                "compartment_id": "",
                "create_image_allowed": true,
                "defined_tags": {},
                "display_name": "Oracle-Linux-7.9-2021.10.04-0",
                "freeform_tags": {},
                "id": "ocid1.image.oc1.uk-london-1.aaaaaaaaqetdbotutgsdclw3ainkbcql33qwood6tj4yhq6xfscthtc6akqq",
                "image_source_details": [],
                "instance_id": "",
                "launch_mode": "NATIVE",
                "launch_options": [
                  {
                    "boot_volume_type": "PARAVIRTUALIZED",
                    "firmware": "UEFI_64",
                    "is_consistent_volume_naming_enabled": true,
                    "is_pv_encryption_in_transit_enabled": true,
                    "network_type": "PARAVIRTUALIZED",
                    "remote_data_volume_type": "PARAVIRTUALIZED"
                  }
                ],
                "listing_type": "",
                "operating_system": "Oracle Linux",
                "operating_system_version": "7.9",
                "size_in_mbs": "47694",
                "state": "AVAILABLE",
                "time_created": "2021-10-07 19:32:02.105 +0000 UTC"
              }
            ],
            "operating_system": "Oracle Linux",
            "operating_system_version": "7.9",
            "shape": "VM.Standard.E3.Flex",
            "sort_by": null,
            "sort_order": null,
            "state": null
          },
          "sensitive_attributes": []
        }
      ]
    },
    {
      "mode": "data",
      "type": "oci_core_vnic",
      "name": "karthiOCIWebserver_VNIC1",
      "provider": "provider[\"registry.terraform.io/hashicorp/oci\"]",
      "instances": [
        {
          "index_key": 0,
          "schema_version": 0,
          "attributes": {
            "availability_domain": "anfG:UK-LONDON-1-AD-1",
            "compartment_id": "ocid1.compartment.oc1..aaaaaaaasj7ceqsvmckdvd6dhtlbfzcsr4a5x2u7tz72eu5zkc5hww4scpyq",
            "defined_tags": {
              "Oracle-Tags.CreatedBy": "oracleidentitycloudservice/karthi.mahadevan@amberlabs.io",
              "Oracle-Tags.CreatedOn": "2022-01-31T00:40:44.450Z"
            },
            "display_name": "karthiOCIWebserver1",
            "freeform_tags": {},
            "hostname_label": "karthiociwebserver1",
            "id": "ocid1.vnic.oc1.uk-london-1.abwgiljtcdkcm4rwz7gm2awfgdgzpi2lp4b6kmhkhbc3hz7k7lroxbffj6tq",
            "is_primary": true,
            "mac_address": "02:00:17:02:63:A3",
            "nsg_ids": [
              "ocid1.networksecuritygroup.oc1.uk-london-1.aaaaaaaapt2f7p4b7nayjcaadj5a6gtssr2f4y3nawcw26xzsxbznnnyin3a"
            ],
            "private_ip_address": "10.0.1.239",
            "public_ip_address": null,
            "skip_source_dest_check": false,
            "state": "AVAILABLE",
            "subnet_id": "ocid1.subnet.oc1.uk-london-1.aaaaaaaabvtxmtvurdjergk5oi2wc5ndivntqyp35xrqje6ys4vrbv23uufq",
            "time_created": "2022-01-31 00:40:47.678 +0000 UTC",
            "vlan_id": null,
            "vnic_id": "ocid1.vnic.oc1.uk-london-1.abwgiljtcdkcm4rwz7gm2awfgdgzpi2lp4b6kmhkhbc3hz7k7lroxbffj6tq"
          },
          "sensitive_attributes": []
        },
        {
          "index_key": 1,
          "schema_version": 0,
          "attributes": {
            "availability_domain": "anfG:UK-LONDON-1-AD-1",
            "compartment_id": "ocid1.compartment.oc1..aaaaaaaasj7ceqsvmckdvd6dhtlbfzcsr4a5x2u7tz72eu5zkc5hww4scpyq",
            "defined_tags": {
              "Oracle-Tags.CreatedBy": "oracleidentitycloudservice/karthi.mahadevan@amberlabs.io",
              "Oracle-Tags.CreatedOn": "2022-01-31T00:40:44.594Z"
            },
            "display_name": "karthiOCIWebserver2",
            "freeform_tags": {},
            "hostname_label": "karthiociwebserver2",
            "id": "ocid1.vnic.oc1.uk-london-1.abwgiljtx5y4paornb4442ljpfljs4ejdryczrbsrdn2uh3jx75oa6y6elza",
            "is_primary": true,
            "mac_address": "02:00:17:02:81:DB",
            "nsg_ids": [
              "ocid1.networksecuritygroup.oc1.uk-london-1.aaaaaaaapt2f7p4b7nayjcaadj5a6gtssr2f4y3nawcw26xzsxbznnnyin3a"
            ],
            "private_ip_address": "10.0.1.63",
            "public_ip_address": null,
            "skip_source_dest_check": false,
            "state": "AVAILABLE",
            "subnet_id": "ocid1.subnet.oc1.uk-london-1.aaaaaaaabvtxmtvurdjergk5oi2wc5ndivntqyp35xrqje6ys4vrbv23uufq",
            "time_created": "2022-01-31 00:40:47.813 +0000 UTC",
            "vlan_id": null,
            "vnic_id": "ocid1.vnic.oc1.uk-london-1.abwgiljtx5y4paornb4442ljpfljs4ejdryczrbsrdn2uh3jx75oa6y6elza"
          },
          "sensitive_attributes": []
        },
        {
          "index_key": 2,
          "schema_version": 0,
          "attributes": {
            "availability_domain": "anfG:UK-LONDON-1-AD-1",
            "compartment_id": "ocid1.compartment.oc1..aaaaaaaasj7ceqsvmckdvd6dhtlbfzcsr4a5x2u7tz72eu5zkc5hww4scpyq",
            "defined_tags": {
              "Oracle-Tags.CreatedBy": "oracleidentitycloudservice/karthi.mahadevan@amberlabs.io",
              "Oracle-Tags.CreatedOn": "2022-01-31T00:40:44.429Z"
            },
            "display_name": "karthiOCIWebserver3",
            "freeform_tags": {},
            "hostname_label": "karthiociwebserver3",
            "id": "ocid1.vnic.oc1.uk-london-1.abwgiljtm5lfys2q3m3vmxge2evozpmwumxcsregbdwcndea5sb2flazhhza",
            "is_primary": true,
            "mac_address": "02:00:17:05:8C:59",
            "nsg_ids": [
              "ocid1.networksecuritygroup.oc1.uk-london-1.aaaaaaaapt2f7p4b7nayjcaadj5a6gtssr2f4y3nawcw26xzsxbznnnyin3a"
            ],
            "private_ip_address": "10.0.1.36",
            "public_ip_address": null,
            "skip_source_dest_check": false,
            "state": "AVAILABLE",
            "subnet_id": "ocid1.subnet.oc1.uk-london-1.aaaaaaaabvtxmtvurdjergk5oi2wc5ndivntqyp35xrqje6ys4vrbv23uufq",
            "time_created": "2022-01-31 00:40:47.849 +0000 UTC",
            "vlan_id": null,
            "vnic_id": "ocid1.vnic.oc1.uk-london-1.abwgiljtm5lfys2q3m3vmxge2evozpmwumxcsregbdwcndea5sb2flazhhza"
          },
          "sensitive_attributes": []
        }
      ]
    },
    {
      "mode": "data",
      "type": "oci_core_vnic_attachments",
      "name": "karthiOCIWebserver_VNIC1_attach",
      "provider": "provider[\"registry.terraform.io/hashicorp/oci\"]",
      "instances": [
        {
          "index_key": 0,
          "schema_version": 0,
          "attributes": {
            "availability_domain": "anfG:UK-LONDON-1-AD-1",
            "compartment_id": "ocid1.compartment.oc1..aaaaaaaasj7ceqsvmckdvd6dhtlbfzcsr4a5x2u7tz72eu5zkc5hww4scpyq",
            "filter": null,
            "id": "CoreVnicAttachmentsDataSource-1353343129",
            "instance_id": "ocid1.instance.oc1.uk-london-1.anwgiljtzstgxmic446dboybg4avnzvmpuaf326pvphtbdntqnrddlf6mttq",
            "vnic_attachments": [
              {
                "availability_domain": "anfG:UK-LONDON-1-AD-1",
                "compartment_id": "ocid1.compartment.oc1..aaaaaaaasj7ceqsvmckdvd6dhtlbfzcsr4a5x2u7tz72eu5zkc5hww4scpyq",
                "create_vnic_details": [],
                "display_name": "",
                "id": "ocid1.vnicattachment.oc1.uk-london-1.anwgiljtzstgxmicu5kendnhnoatsdcjsj6alo6qzqh4476up6urcn5btvva",
                "instance_id": "ocid1.instance.oc1.uk-london-1.anwgiljtzstgxmic446dboybg4avnzvmpuaf326pvphtbdntqnrddlf6mttq",
                "nic_index": 0,
                "state": "ATTACHED",
                "subnet_id": "ocid1.subnet.oc1.uk-london-1.aaaaaaaabvtxmtvurdjergk5oi2wc5ndivntqyp35xrqje6ys4vrbv23uufq",
                "time_created": "2022-01-31 00:40:47.889 +0000 UTC",
                "vlan_id": "",
                "vlan_tag": 1793,
                "vnic_id": "ocid1.vnic.oc1.uk-london-1.abwgiljtcdkcm4rwz7gm2awfgdgzpi2lp4b6kmhkhbc3hz7k7lroxbffj6tq"
              }
            ],
            "vnic_id": null
          },
          "sensitive_attributes": []
        },
        {
          "index_key": 1,
          "schema_version": 0,
          "attributes": {
            "availability_domain": "anfG:UK-LONDON-1-AD-1",
            "compartment_id": "ocid1.compartment.oc1..aaaaaaaasj7ceqsvmckdvd6dhtlbfzcsr4a5x2u7tz72eu5zkc5hww4scpyq",
            "filter": null,
            "id": "CoreVnicAttachmentsDataSource-2419166523",
            "instance_id": "ocid1.instance.oc1.uk-london-1.anwgiljtzstgxmichxne77ovsxm67xhpmvjhi7ulhzb4y5fxkdssciqzz4rq",
            "vnic_attachments": [
              {
                "availability_domain": "anfG:UK-LONDON-1-AD-1",
                "compartment_id": "ocid1.compartment.oc1..aaaaaaaasj7ceqsvmckdvd6dhtlbfzcsr4a5x2u7tz72eu5zkc5hww4scpyq",
                "create_vnic_details": [],
                "display_name": "",
                "id": "ocid1.vnicattachment.oc1.uk-london-1.anwgiljtzstgxmicwmsn4p3s6sncvnwioyuqr5qxau6ispa6bzcprclgdlxa",
                "instance_id": "ocid1.instance.oc1.uk-london-1.anwgiljtzstgxmichxne77ovsxm67xhpmvjhi7ulhzb4y5fxkdssciqzz4rq",
                "nic_index": 0,
                "state": "ATTACHED",
                "subnet_id": "ocid1.subnet.oc1.uk-london-1.aaaaaaaabvtxmtvurdjergk5oi2wc5ndivntqyp35xrqje6ys4vrbv23uufq",
                "time_created": "2022-01-31 00:40:48.129 +0000 UTC",
                "vlan_id": "",
                "vlan_tag": 2519,
                "vnic_id": "ocid1.vnic.oc1.uk-london-1.abwgiljtx5y4paornb4442ljpfljs4ejdryczrbsrdn2uh3jx75oa6y6elza"
              }
            ],
            "vnic_id": null
          },
          "sensitive_attributes": []
        },
        {
          "index_key": 2,
          "schema_version": 0,
          "attributes": {
            "availability_domain": "anfG:UK-LONDON-1-AD-1",
            "compartment_id": "ocid1.compartment.oc1..aaaaaaaasj7ceqsvmckdvd6dhtlbfzcsr4a5x2u7tz72eu5zkc5hww4scpyq",
            "filter": null,
            "id": "CoreVnicAttachmentsDataSource-1047541998",
            "instance_id": "ocid1.instance.oc1.uk-london-1.anwgiljtzstgxmicktrdjriquao57abvmi7ry42pneucco4cvkbz62i7yfea",
            "vnic_attachments": [
              {
                "availability_domain": "anfG:UK-LONDON-1-AD-1",
                "compartment_id": "ocid1.compartment.oc1..aaaaaaaasj7ceqsvmckdvd6dhtlbfzcsr4a5x2u7tz72eu5zkc5hww4scpyq",
                "create_vnic_details": [],
                "display_name": "",
                "id": "ocid1.vnicattachment.oc1.uk-london-1.anwgiljtzstgxmicdnifieymjnshrcsq6kjumlrxsa5b3gwljyhq7bdtcjca",
                "instance_id": "ocid1.instance.oc1.uk-london-1.anwgiljtzstgxmicktrdjriquao57abvmi7ry42pneucco4cvkbz62i7yfea",
                "nic_index": 0,
                "state": "ATTACHED",
                "subnet_id": "ocid1.subnet.oc1.uk-london-1.aaaaaaaabvtxmtvurdjergk5oi2wc5ndivntqyp35xrqje6ys4vrbv23uufq",
                "time_created": "2022-01-31 00:40:48.084 +0000 UTC",
                "vlan_id": "",
                "vlan_tag": 368,
                "vnic_id": "ocid1.vnic.oc1.uk-london-1.abwgiljtm5lfys2q3m3vmxge2evozpmwumxcsregbdwcndea5sb2flazhhza"
              }
            ],
            "vnic_id": null
          },
          "sensitive_attributes": []
        }
      ]
    },
    {
      "mode": "data",
      "type": "template_cloudinit_config",
      "name": "cloud_init",
      "provider": "provider[\"registry.terraform.io/hashicorp/template\"]",
      "instances": [
        {
          "schema_version": 0,
          "attributes": {
            "base64_encode": true,
            "gzip": true,
            "id": "2033907369",
            "part": [
              {
                "content": "#!/bin/bash\n\ncp /home/opc/.ssh/authorized_keys /home/opc/.ssh/authorized_keys.bak\necho \"ssh-rsa AAAAB3NzaC1yc2EAAAADAQABAAABAQDTQe+de+gXxSQHrkJouvisZp3z9tdoDp8bvJ7KeKoDbFKqDfnKdYKggWe7cDD495Sb2FRjadYMuIYKRCcIn1K1Xerb/jl3YeIkzBe46JOLDfZOtTlx8xx8jBtOErv0BkK5MLYbYNup7tcrBlCQgObwOKsHZfkCKadlPD9sxGDArS0OyOOIXKOMi2mbAgpvYovD1Do90v6Irx8NIj8aWn0VLe+vaUOBMfCB81F7sk3/2exNBnG/SvdOjQ4kH8LjC/8WFJ/MoIVmIlCPJSH7+sH1hk6ZGoUHB2w000gw+lB80o00fLwJzTC8l/9VcNfyis+pWwdUciUMm7pvWZ7xZVFj\n\" \u003e\u003e /home/opc/.ssh/authorized_keys\nchown -R opc /home/opc/.ssh/authorized_keys\n\n",
                "content_type": "text/x-shellscript",
                "filename": "ainit.sh",
                "merge_type": ""
              }
            ],
            "rendered": "H4sIAAAAAAAA/4SSXW+qTBDH70n8Djw+lwZBbQu2aRNgtSIi9b14c7Isiywvu5zdFdFPf9ImJ6dJL3r5n/nN5JfMuIxKTKW2vdb4Ua3OpSQ15FKvSIuTJzVmZ5pAfn3uBl4wccLdEtjrqKt8JG2PuSCMPqqDvtFROoqmfYU6yt/dgIiaCSI/WSglRFmFqXxSU1JiCiv83IWEEtkXWfff1JZDKlLMtQlFLCH09KiaMZFfgE9liVupt5rIcFkKxEktO0pAKvzN7v//9JhQPYYiUxRUq3rGKqyzGul9ITIdnmXGOLnh5FeBr+KHdj+GhYJRxtSuEJnGBVRt27ad0fIG3cEVDScfEdgr2/ko2yuwXeFegnun93azmvFizs4NEcd6dBvLhIHaipu56WOfgXjq/wYp9ZPIP50O2EQA3I3vN/Fwus5hEgVnL/LXLvLowB+8Yx7reTmKsFfcHHz3MA8XID2Gclu2VttauSPDCW8Mp/Dvg0UUR8tzbUrEndJdncL4EvpidkwL14dJ+QbGon0FNt8Y4TUMvXc/DMiwiu1T3USsAQPAxkbz4PHWWnq5BQ/U2C9wr4G70AlS17EGU1MUI32I26VDX/VNk4T56q6YWYvc1a3DdK4HzNtXXum+zTczsydmg6x4OL6y3cwZXgzDOF16pWMZzDDSxWV+27pWqY/3aJleiejVh0uyQ2QXVGbdHI5me9xPc6Wrvrz8cCoFZexCVW2tshr9xH77Yk3rKH8CAAD//+W80BQkAwAA"
          },
          "sensitive_attributes": []
        }
      ]
    },
    {
      "mode": "data",
      "type": "template_file",
      "name": "key_script",
      "provider": "provider[\"registry.terraform.io/hashicorp/template\"]",
      "instances": [
        {
          "schema_version": 0,
          "attributes": {
            "filename": null,
            "id": "f64b7f73250407ed34ca58ef32e12cc8d23197b8bffe8182e3cadb630aa2996f",
            "rendered": "#!/bin/bash\n\ncp /home/opc/.ssh/authorized_keys /home/opc/.ssh/authorized_keys.bak\necho \"ssh-rsa AAAAB3NzaC1yc2EAAAADAQABAAABAQDTQe+de+gXxSQHrkJouvisZp3z9tdoDp8bvJ7KeKoDbFKqDfnKdYKggWe7cDD495Sb2FRjadYMuIYKRCcIn1K1Xerb/jl3YeIkzBe46JOLDfZOtTlx8xx8jBtOErv0BkK5MLYbYNup7tcrBlCQgObwOKsHZfkCKadlPD9sxGDArS0OyOOIXKOMi2mbAgpvYovD1Do90v6Irx8NIj8aWn0VLe+vaUOBMfCB81F7sk3/2exNBnG/SvdOjQ4kH8LjC/8WFJ/MoIVmIlCPJSH7+sH1hk6ZGoUHB2w000gw+lB80o00fLwJzTC8l/9VcNfyis+pWwdUciUMm7pvWZ7xZVFj\n\" \u003e\u003e /home/opc/.ssh/authorized_keys\nchown -R opc /home/opc/.ssh/authorized_keys\n\n",
            "template": "#!/bin/bash\n\ncp /home/opc/.ssh/authorized_keys /home/opc/.ssh/authorized_keys.bak\necho \"${ssh_public_key}\" \u003e\u003e /home/opc/.ssh/authorized_keys\nchown -R opc /home/opc/.ssh/authorized_keys\n\n",
            "vars": {
              "ssh_public_key": "ssh-rsa AAAAB3NzaC1yc2EAAAADAQABAAABAQDTQe+de+gXxSQHrkJouvisZp3z9tdoDp8bvJ7KeKoDbFKqDfnKdYKggWe7cDD495Sb2FRjadYMuIYKRCcIn1K1Xerb/jl3YeIkzBe46JOLDfZOtTlx8xx8jBtOErv0BkK5MLYbYNup7tcrBlCQgObwOKsHZfkCKadlPD9sxGDArS0OyOOIXKOMi2mbAgpvYovD1Do90v6Irx8NIj8aWn0VLe+vaUOBMfCB81F7sk3/2exNBnG/SvdOjQ4kH8LjC/8WFJ/MoIVmIlCPJSH7+sH1hk6ZGoUHB2w000gw+lB80o00fLwJzTC8l/9VcNfyis+pWwdUciUMm7pvWZ7xZVFj\n"
            }
          },
          "sensitive_attributes": []
        }
      ]
    },
    {
      "mode": "managed",
      "type": "null_resource",
      "name": "karthiOCIWebserverHTTPD",
      "provider": "provider[\"registry.terraform.io/hashicorp/null\"]",
      "instances": [
        {
          "index_key": 0,
          "schema_version": 0,
          "attributes": {
            "id": "8752581532369065190",
            "triggers": null
          },
          "sensitive_attributes": [],
          "private": "bnVsbA==",
          "dependencies": [
            "oci_bastion_session.KarthiOCISSHViaBastionService",
            "oci_core_dhcp_options.KarthiOCIDhcpOptions1",
            "oci_core_nat_gateway.KarthiOCINATGateway",
            "oci_identity_compartment.KarthiOCICompartment",
            "tls_private_key.public_private_key_pair",
            "data.oci_core_vnic_attachments.karthiOCIWebserver_VNIC1_attach",
            "oci_bastion_bastion.KarthiOCIBastionService",
            "oci_core_network_security_group.KarthiOCIWebSecurityGroup",
            "oci_core_route_table.KarthiOCIRouteTableViaIGW",
            "data.template_file.key_script",
            "oci_core_instance.karthiOCIWebserver",
            "oci_core_internet_gateway.KarthiOCIInternetGateway",
            "oci_core_subnet.KarthiOCIWebSubnet",
            "oci_core_virtual_network.KarthiOCIVCN",
            "data.oci_core_images.InstanceImageOCID",
            "data.template_cloudinit_config.cloud_init",
            "oci_core_subnet.KarthiOCIBastionSubnet",
            "data.oci_core_vnic.karthiOCIWebserver_VNIC1",
            "oci_core_route_table.KarthiOCIRouteTableViaNAT"
          ]
        },
        {
          "index_key": 1,
          "schema_version": 0,
          "attributes": {
            "id": "7999423812528831582",
            "triggers": null
          },
          "sensitive_attributes": [],
          "private": "bnVsbA==",
          "dependencies": [
            "data.oci_core_vnic.karthiOCIWebserver_VNIC1",
            "oci_core_virtual_network.KarthiOCIVCN",
            "data.oci_core_images.InstanceImageOCID",
            "data.oci_core_vnic_attachments.karthiOCIWebserver_VNIC1_attach",
            "data.template_file.key_script",
            "oci_bastion_session.KarthiOCISSHViaBastionService",
            "oci_core_dhcp_options.KarthiOCIDhcpOptions1",
            "oci_core_instance.karthiOCIWebserver",
            "oci_core_subnet.KarthiOCIWebSubnet",
            "oci_core_internet_gateway.KarthiOCIInternetGateway",
            "oci_core_network_security_group.KarthiOCIWebSecurityGroup",
            "oci_core_route_table.KarthiOCIRouteTableViaNAT",
            "oci_core_subnet.KarthiOCIBastionSubnet",
            "tls_private_key.public_private_key_pair",
            "data.template_cloudinit_config.cloud_init",
            "oci_bastion_bastion.KarthiOCIBastionService",
            "oci_core_nat_gateway.KarthiOCINATGateway",
            "oci_core_route_table.KarthiOCIRouteTableViaIGW",
            "oci_identity_compartment.KarthiOCICompartment"
          ]
        },
        {
          "index_key": 2,
          "schema_version": 0,
          "attributes": {
            "id": "3301250206615637928",
            "triggers": null
          },
          "sensitive_attributes": [],
          "private": "bnVsbA==",
          "dependencies": [
            "data.oci_core_images.InstanceImageOCID",
            "data.oci_core_vnic.karthiOCIWebserver_VNIC1",
            "data.template_cloudinit_config.cloud_init",
            "oci_core_dhcp_options.KarthiOCIDhcpOptions1",
            "oci_core_internet_gateway.KarthiOCIInternetGateway",
            "oci_core_subnet.KarthiOCIWebSubnet",
            "oci_core_virtual_network.KarthiOCIVCN",
            "data.oci_core_vnic_attachments.karthiOCIWebserver_VNIC1_attach",
            "oci_bastion_bastion.KarthiOCIBastionService",
            "oci_bastion_session.KarthiOCISSHViaBastionService",
            "oci_core_instance.karthiOCIWebserver",
            "oci_core_nat_gateway.KarthiOCINATGateway",
            "oci_core_network_security_group.KarthiOCIWebSecurityGroup",
            "oci_core_route_table.KarthiOCIRouteTableViaIGW",
            "oci_core_subnet.KarthiOCIBastionSubnet",
            "data.template_file.key_script",
            "oci_core_route_table.KarthiOCIRouteTableViaNAT",
            "oci_identity_compartment.KarthiOCICompartment",
            "tls_private_key.public_private_key_pair"
          ]
        }
      ]
    },
    {
      "mode": "managed",
      "type": "oci_bastion_bastion",
      "name": "KarthiOCIBastionService",
      "provider": "provider[\"registry.terraform.io/hashicorp/oci\"]",
      "instances": [
        {
          "schema_version": 0,
          "attributes": {
            "bastion_type": "STANDARD",
            "client_cidr_block_allow_list": [
              "0.0.0.0/0"
            ],
            "compartment_id": "ocid1.compartment.oc1..aaaaaaaasj7ceqsvmckdvd6dhtlbfzcsr4a5x2u7tz72eu5zkc5hww4scpyq",
            "defined_tags": {
              "Oracle-Tags.CreatedBy": "oracleidentitycloudservice/karthi.mahadevan@amberlabs.io",
              "Oracle-Tags.CreatedOn": "2022-01-31T00:48:33.274Z"
            },
            "freeform_tags": {},
            "id": "ocid1.bastion.oc1.uk-london-1.amaaaaaazstgxmiapaqjr3lt3eksf53hawpmsg4p6zicndtfno3hfldgttxa",
            "lifecycle_details": null,
            "max_session_ttl_in_seconds": 1800,
            "max_sessions_allowed": 20,
            "name": "KarthiOCIBastionService",
            "phone_book_entry": null,
            "private_endpoint_ip_address": "10.0.3.81",
            "state": "ACTIVE",
            "static_jump_host_ip_addresses": [],
            "system_tags": {},
            "target_subnet_id": "ocid1.subnet.oc1.uk-london-1.aaaaaaaaqvqmohvcj4t75uthbc5hwncv6ke7pko4jdofzbmq6s5yhmg2inya",
            "target_vcn_id": "ocid1.vcn.oc1.uk-london-1.amaaaaaazstgxmialhpu6y2zgw4em5ncc5kgjalasmusaq5aqjedfqdwppvq",
            "time_created": "2022-01-31 00:48:35.891 +0000 UTC",
            "time_updated": "2022-01-31 00:49:49.688 +0000 UTC",
            "timeouts": null
          },
          "sensitive_attributes": [],
          "private": "eyJlMmJmYjczMC1lY2FhLTExZTYtOGY4OC0zNDM2M2JjN2M0YzAiOnsiY3JlYXRlIjoxMjAwMDAwMDAwMDAwLCJkZWxldGUiOjEyMDAwMDAwMDAwMDAsInVwZGF0ZSI6MTIwMDAwMDAwMDAwMH19",
          "dependencies": [
            "oci_core_virtual_network.KarthiOCIVCN",
            "oci_identity_compartment.KarthiOCICompartment",
            "oci_core_dhcp_options.KarthiOCIDhcpOptions1",
            "oci_core_internet_gateway.KarthiOCIInternetGateway",
            "oci_core_route_table.KarthiOCIRouteTableViaIGW",
            "oci_core_subnet.KarthiOCIBastionSubnet"
          ]
        }
      ]
    },
    {
      "mode": "managed",
      "type": "oci_bastion_session",
      "name": "KarthiOCISSHViaBastionService",
      "provider": "provider[\"registry.terraform.io/hashicorp/oci\"]",
      "instances": [
        {
          "index_key": 0,
          "schema_version": 0,
          "attributes": {
            "bastion_id": "ocid1.bastion.oc1.uk-london-1.amaaaaaazstgxmiapaqjr3lt3eksf53hawpmsg4p6zicndtfno3hfldgttxa",
            "bastion_name": "KarthiOCIBastionService",
            "bastion_public_host_key_info": null,
            "bastion_user_name": "ocid1.bastionsession.oc1.uk-london-1.amaaaaaazstgxmiaxdnpi3q7v74qgw2wbdxgmhj6qksf7ylde2k33cgkcoiq",
            "display_name": "KarthiOCISSHViaBastionService",
            "id": "ocid1.bastionsession.oc1.uk-london-1.amaaaaaazstgxmiaxdnpi3q7v74qgw2wbdxgmhj6qksf7ylde2k33cgkcoiq",
            "key_details": [
              {
                "public_key_content": "ssh-rsa AAAAB3NzaC1yc2EAAAADAQABAAABAQDTQe+de+gXxSQHrkJouvisZp3z9tdoDp8bvJ7KeKoDbFKqDfnKdYKggWe7cDD495Sb2FRjadYMuIYKRCcIn1K1Xerb/jl3YeIkzBe46JOLDfZOtTlx8xx8jBtOErv0BkK5MLYbYNup7tcrBlCQgObwOKsHZfkCKadlPD9sxGDArS0OyOOIXKOMi2mbAgpvYovD1Do90v6Irx8NIj8aWn0VLe+vaUOBMfCB81F7sk3/2exNBnG/SvdOjQ4kH8LjC/8WFJ/MoIVmIlCPJSH7+sH1hk6ZGoUHB2w000gw+lB80o00fLwJzTC8l/9VcNfyis+pWwdUciUMm7pvWZ7xZVFj\n"
              }
            ],
            "key_type": "PUB",
            "lifecycle_details": null,
            "session_ttl_in_seconds": 1800,
            "ssh_metadata": {
              "command": "ssh -i \u003cprivateKey\u003e -o ProxyCommand=\"ssh -i \u003cprivateKey\u003e -W %h:%p -p 22 ocid1.bastionsession.oc1.uk-london-1.amaaaaaazstgxmiaxdnpi3q7v74qgw2wbdxgmhj6qksf7ylde2k33cgkcoiq@host.bastion.uk-london-1.oci.oraclecloud.com\" -p 22 opc@10.0.1.239"
            },
            "state": "ACTIVE",
            "target_resource_details": [
              {
                "session_type": "MANAGED_SSH",
                "target_resource_display_name": "karthiOCIWebserver1",
                "target_resource_id": "ocid1.instance.oc1.uk-london-1.anwgiljtzstgxmic446dboybg4avnzvmpuaf326pvphtbdntqnrddlf6mttq",
                "target_resource_operating_system_user_name": "opc",
                "target_resource_port": 22,
                "target_resource_private_ip_address": "10.0.1.239"
              }
            ],
            "time_created": "2022-01-31 00:50:16.463 +0000 UTC",
            "time_updated": "2022-01-31 00:51:22.337 +0000 UTC",
            "timeouts": null
          },
          "sensitive_attributes": [],
          "private": "eyJlMmJmYjczMC1lY2FhLTExZTYtOGY4OC0zNDM2M2JjN2M0YzAiOnsiY3JlYXRlIjoxMjAwMDAwMDAwMDAwLCJkZWxldGUiOjEyMDAwMDAwMDAwMDAsInVwZGF0ZSI6MTIwMDAwMDAwMDAwMH19",
          "dependencies": [
            "oci_core_route_table.KarthiOCIRouteTableViaIGW",
            "data.template_cloudinit_config.cloud_init",
            "oci_core_network_security_group.KarthiOCIWebSecurityGroup",
            "oci_core_subnet.KarthiOCIBastionSubnet",
            "oci_core_virtual_network.KarthiOCIVCN",
            "oci_identity_compartment.KarthiOCICompartment",
            "tls_private_key.public_private_key_pair",
            "data.oci_core_images.InstanceImageOCID",
            "oci_core_internet_gateway.KarthiOCIInternetGateway",
            "oci_core_nat_gateway.KarthiOCINATGateway",
            "oci_core_subnet.KarthiOCIWebSubnet",
            "data.template_file.key_script",
            "oci_core_dhcp_options.KarthiOCIDhcpOptions1",
            "oci_core_instance.karthiOCIWebserver",
            "oci_core_route_table.KarthiOCIRouteTableViaNAT",
            "oci_bastion_bastion.KarthiOCIBastionService"
          ]
        },
        {
          "index_key": 1,
          "schema_version": 0,
          "attributes": {
            "bastion_id": "ocid1.bastion.oc1.uk-london-1.amaaaaaazstgxmiapaqjr3lt3eksf53hawpmsg4p6zicndtfno3hfldgttxa",
            "bastion_name": "KarthiOCIBastionService",
            "bastion_public_host_key_info": null,
            "bastion_user_name": "ocid1.bastionsession.oc1.uk-london-1.amaaaaaazstgxmiaemxcpwiktefhlecjehfesqhcqlmnvtjos6zm2ep6zyfq",
            "display_name": "KarthiOCISSHViaBastionService",
            "id": "ocid1.bastionsession.oc1.uk-london-1.amaaaaaazstgxmiaemxcpwiktefhlecjehfesqhcqlmnvtjos6zm2ep6zyfq",
            "key_details": [
              {
                "public_key_content": "ssh-rsa AAAAB3NzaC1yc2EAAAADAQABAAABAQDTQe+de+gXxSQHrkJouvisZp3z9tdoDp8bvJ7KeKoDbFKqDfnKdYKggWe7cDD495Sb2FRjadYMuIYKRCcIn1K1Xerb/jl3YeIkzBe46JOLDfZOtTlx8xx8jBtOErv0BkK5MLYbYNup7tcrBlCQgObwOKsHZfkCKadlPD9sxGDArS0OyOOIXKOMi2mbAgpvYovD1Do90v6Irx8NIj8aWn0VLe+vaUOBMfCB81F7sk3/2exNBnG/SvdOjQ4kH8LjC/8WFJ/MoIVmIlCPJSH7+sH1hk6ZGoUHB2w000gw+lB80o00fLwJzTC8l/9VcNfyis+pWwdUciUMm7pvWZ7xZVFj\n"
              }
            ],
            "key_type": "PUB",
            "lifecycle_details": null,
            "session_ttl_in_seconds": 1800,
            "ssh_metadata": {
              "command": "ssh -i \u003cprivateKey\u003e -o ProxyCommand=\"ssh -i \u003cprivateKey\u003e -W %h:%p -p 22 ocid1.bastionsession.oc1.uk-london-1.amaaaaaazstgxmiaemxcpwiktefhlecjehfesqhcqlmnvtjos6zm2ep6zyfq@host.bastion.uk-london-1.oci.oraclecloud.com\" -p 22 opc@10.0.1.63"
            },
            "state": "ACTIVE",
            "target_resource_details": [
              {
                "session_type": "MANAGED_SSH",
                "target_resource_display_name": "karthiOCIWebserver2",
                "target_resource_id": "ocid1.instance.oc1.uk-london-1.anwgiljtzstgxmichxne77ovsxm67xhpmvjhi7ulhzb4y5fxkdssciqzz4rq",
                "target_resource_operating_system_user_name": "opc",
                "target_resource_port": 22,
                "target_resource_private_ip_address": "10.0.1.63"
              }
            ],
            "time_created": "2022-01-31 00:50:14.015 +0000 UTC",
            "time_updated": "2022-01-31 00:51:22.164 +0000 UTC",
            "timeouts": null
          },
          "sensitive_attributes": [],
          "private": "eyJlMmJmYjczMC1lY2FhLTExZTYtOGY4OC0zNDM2M2JjN2M0YzAiOnsiY3JlYXRlIjoxMjAwMDAwMDAwMDAwLCJkZWxldGUiOjEyMDAwMDAwMDAwMDAsInVwZGF0ZSI6MTIwMDAwMDAwMDAwMH19",
          "dependencies": [
            "data.template_file.key_script",
            "oci_bastion_bastion.KarthiOCIBastionService",
            "oci_core_instance.karthiOCIWebserver",
            "oci_core_dhcp_options.KarthiOCIDhcpOptions1",
            "oci_core_route_table.KarthiOCIRouteTableViaIGW",
            "oci_core_subnet.KarthiOCIBastionSubnet",
            "oci_identity_compartment.KarthiOCICompartment",
            "data.oci_core_images.InstanceImageOCID",
            "oci_core_nat_gateway.KarthiOCINATGateway",
            "oci_core_subnet.KarthiOCIWebSubnet",
            "tls_private_key.public_private_key_pair",
            "data.template_cloudinit_config.cloud_init",
            "oci_core_internet_gateway.KarthiOCIInternetGateway",
            "oci_core_network_security_group.KarthiOCIWebSecurityGroup",
            "oci_core_route_table.KarthiOCIRouteTableViaNAT",
            "oci_core_virtual_network.KarthiOCIVCN"
          ]
        },
        {
          "index_key": 2,
          "schema_version": 0,
          "attributes": {
            "bastion_id": "ocid1.bastion.oc1.uk-london-1.amaaaaaazstgxmiapaqjr3lt3eksf53hawpmsg4p6zicndtfno3hfldgttxa",
            "bastion_name": "KarthiOCIBastionService",
            "bastion_public_host_key_info": null,
            "bastion_user_name": "ocid1.bastionsession.oc1.uk-london-1.amaaaaaazstgxmiaa4omybk4l7y6pfqikqjt6pvvwlgcol7jguk35d4ybjra",
            "display_name": "KarthiOCISSHViaBastionService",
            "id": "ocid1.bastionsession.oc1.uk-london-1.amaaaaaazstgxmiaa4omybk4l7y6pfqikqjt6pvvwlgcol7jguk35d4ybjra",
            "key_details": [
              {
                "public_key_content": "ssh-rsa AAAAB3NzaC1yc2EAAAADAQABAAABAQDTQe+de+gXxSQHrkJouvisZp3z9tdoDp8bvJ7KeKoDbFKqDfnKdYKggWe7cDD495Sb2FRjadYMuIYKRCcIn1K1Xerb/jl3YeIkzBe46JOLDfZOtTlx8xx8jBtOErv0BkK5MLYbYNup7tcrBlCQgObwOKsHZfkCKadlPD9sxGDArS0OyOOIXKOMi2mbAgpvYovD1Do90v6Irx8NIj8aWn0VLe+vaUOBMfCB81F7sk3/2exNBnG/SvdOjQ4kH8LjC/8WFJ/MoIVmIlCPJSH7+sH1hk6ZGoUHB2w000gw+lB80o00fLwJzTC8l/9VcNfyis+pWwdUciUMm7pvWZ7xZVFj\n"
              }
            ],
            "key_type": "PUB",
            "lifecycle_details": null,
            "session_ttl_in_seconds": 1800,
            "ssh_metadata": {
              "command": "ssh -i \u003cprivateKey\u003e -o ProxyCommand=\"ssh -i \u003cprivateKey\u003e -W %h:%p -p 22 ocid1.bastionsession.oc1.uk-london-1.amaaaaaazstgxmiaa4omybk4l7y6pfqikqjt6pvvwlgcol7jguk35d4ybjra@host.bastion.uk-london-1.oci.oraclecloud.com\" -p 22 opc@10.0.1.36"
            },
            "state": "ACTIVE",
            "target_resource_details": [
              {
                "session_type": "MANAGED_SSH",
                "target_resource_display_name": "karthiOCIWebserver3",
                "target_resource_id": "ocid1.instance.oc1.uk-london-1.anwgiljtzstgxmicktrdjriquao57abvmi7ry42pneucco4cvkbz62i7yfea",
                "target_resource_operating_system_user_name": "opc",
                "target_resource_port": 22,
                "target_resource_private_ip_address": "10.0.1.36"
              }
            ],
            "time_created": "2022-01-31 00:50:19.31 +0000 UTC",
            "time_updated": "2022-01-31 00:51:30.415 +0000 UTC",
            "timeouts": null
          },
          "sensitive_attributes": [],
          "private": "eyJlMmJmYjczMC1lY2FhLTExZTYtOGY4OC0zNDM2M2JjN2M0YzAiOnsiY3JlYXRlIjoxMjAwMDAwMDAwMDAwLCJkZWxldGUiOjEyMDAwMDAwMDAwMDAsInVwZGF0ZSI6MTIwMDAwMDAwMDAwMH19",
          "dependencies": [
            "oci_core_dhcp_options.KarthiOCIDhcpOptions1",
            "oci_core_internet_gateway.KarthiOCIInternetGateway",
            "oci_core_nat_gateway.KarthiOCINATGateway",
            "oci_core_route_table.KarthiOCIRouteTableViaNAT",
            "oci_core_virtual_network.KarthiOCIVCN",
            "oci_identity_compartment.KarthiOCICompartment",
            "oci_core_instance.karthiOCIWebserver",
            "data.oci_core_images.InstanceImageOCID",
            "oci_bastion_bastion.KarthiOCIBastionService",
            "oci_core_subnet.KarthiOCIWebSubnet",
            "tls_private_key.public_private_key_pair",
            "data.template_cloudinit_config.cloud_init",
            "data.template_file.key_script",
            "oci_core_network_security_group.KarthiOCIWebSecurityGroup",
            "oci_core_route_table.KarthiOCIRouteTableViaIGW",
            "oci_core_subnet.KarthiOCIBastionSubnet"
          ]
        }
      ]
    },
    {
      "mode": "managed",
      "type": "oci_core_dhcp_options",
      "name": "KarthiOCIDhcpOptions1",
      "provider": "provider[\"registry.terraform.io/hashicorp/oci\"]",
      "instances": [
        {
          "schema_version": 0,
          "attributes": {
            "compartment_id": "ocid1.compartment.oc1..aaaaaaaasj7ceqsvmckdvd6dhtlbfzcsr4a5x2u7tz72eu5zkc5hww4scpyq",
            "defined_tags": {
              "Oracle-Tags.CreatedBy": "oracleidentitycloudservice/karthi.mahadevan@amberlabs.io",
              "Oracle-Tags.CreatedOn": "2022-01-31T00:40:36.797Z"
            },
            "display_name": "KarthiOCIDHCPOptions1",
            "domain_name_type": "CUSTOM_DOMAIN",
            "freeform_tags": {},
            "id": "ocid1.dhcpoptions.oc1.uk-london-1.aaaaaaaaqxernssav2bq2zp6arujmbf2wkw23cxj2jly67ymkf7qxcnqqsua",
            "options": [
              {
                "custom_dns_servers": [],
                "search_domain_names": [],
                "server_type": "VcnLocalPlusInternet",
                "type": "DomainNameServer"
              }
            ],
            "state": "AVAILABLE",
            "time_created": "2022-01-31 00:40:36.836 +0000 UTC",
            "timeouts": null,
            "vcn_id": "ocid1.vcn.oc1.uk-london-1.amaaaaaazstgxmialhpu6y2zgw4em5ncc5kgjalasmusaq5aqjedfqdwppvq"
          },
          "sensitive_attributes": [],
          "private": "eyJlMmJmYjczMC1lY2FhLTExZTYtOGY4OC0zNDM2M2JjN2M0YzAiOnsiY3JlYXRlIjoxMjAwMDAwMDAwMDAwLCJkZWxldGUiOjEyMDAwMDAwMDAwMDAsInVwZGF0ZSI6MTIwMDAwMDAwMDAwMH19",
          "dependencies": [
            "oci_core_virtual_network.KarthiOCIVCN",
            "oci_identity_compartment.KarthiOCICompartment"
          ]
        }
      ]
    },
    {
      "mode": "managed",
      "type": "oci_core_instance",
      "name": "karthiOCIWebserver",
      "provider": "provider[\"registry.terraform.io/hashicorp/oci\"]",
      "instances": [
        {
          "index_key": 0,
          "schema_version": 0,
          "attributes": {
            "agent_config": [
              {
                "are_all_plugins_disabled": false,
                "is_management_disabled": false,
                "is_monitoring_disabled": false,
                "plugins_config": [
                  {
                    "desired_state": "ENABLED",
                    "name": "Bastion"
                  }
                ]
              }
            ],
            "async": null,
            "availability_config": [
              {
                "is_live_migration_preferred": false,
                "recovery_action": "RESTORE_INSTANCE"
              }
            ],
            "availability_domain": "anfG:UK-LONDON-1-AD-1",
            "boot_volume_id": "ocid1.bootvolume.oc1.uk-london-1.abwgiljtp5hewcyhhla3uwuhehagppc6wyiwpvov6pqedvtdwcvnalto5qoa",
            "capacity_reservation_id": null,
            "compartment_id": "ocid1.compartment.oc1..aaaaaaaasj7ceqsvmckdvd6dhtlbfzcsr4a5x2u7tz72eu5zkc5hww4scpyq",
            "create_vnic_details": [
              {
                "assign_private_dns_record": false,
                "assign_public_ip": "false",
                "defined_tags": {
                  "Oracle-Tags.CreatedBy": "oracleidentitycloudservice/karthi.mahadevan@amberlabs.io",
                  "Oracle-Tags.CreatedOn": "2022-01-31T00:40:44.450Z"
                },
                "display_name": "karthiOCIWebserver1",
                "freeform_tags": {},
                "hostname_label": "karthiociwebserver1",
                "nsg_ids": [
                  "ocid1.networksecuritygroup.oc1.uk-london-1.aaaaaaaapt2f7p4b7nayjcaadj5a6gtssr2f4y3nawcw26xzsxbznnnyin3a"
                ],
                "private_ip": "10.0.1.239",
                "skip_source_dest_check": false,
                "subnet_id": "ocid1.subnet.oc1.uk-london-1.aaaaaaaabvtxmtvurdjergk5oi2wc5ndivntqyp35xrqje6ys4vrbv23uufq",
                "vlan_id": ""
              }
            ],
            "dedicated_vm_host_id": null,
            "defined_tags": {
              "Oracle-Tags.CreatedBy": "oracleidentitycloudservice/karthi.mahadevan@amberlabs.io",
              "Oracle-Tags.CreatedOn": "2022-01-31T00:40:44.311Z"
            },
            "display_name": "karthiOCIWebserver1",
            "extended_metadata": {},
            "fault_domain": "FAULT-DOMAIN-1",
            "freeform_tags": {},
            "hostname_label": "karthiociwebserver1",
            "id": "ocid1.instance.oc1.uk-london-1.anwgiljtzstgxmic446dboybg4avnzvmpuaf326pvphtbdntqnrddlf6mttq",
            "image": "ocid1.image.oc1.uk-london-1.aaaaaaaaoy3hj7nha6yi3jj4f2oaeqp44aak6j34sznk3t3gvugis64ixfsa",
            "instance_options": [
              {
                "are_legacy_imds_endpoints_disabled": false
              }
            ],
            "ipxe_script": null,
            "is_pv_encryption_in_transit_enabled": null,
            "launch_mode": "PARAVIRTUALIZED",
            "launch_options": [
              {
                "boot_volume_type": "PARAVIRTUALIZED",
                "firmware": "UEFI_64",
                "is_consistent_volume_naming_enabled": true,
                "is_pv_encryption_in_transit_enabled": false,
                "network_type": "PARAVIRTUALIZED",
                "remote_data_volume_type": "PARAVIRTUALIZED"
              }
            ],
            "metadata": {
              "ssh_authorized_keys": "",
              "user_data": "H4sIAAAAAAAA/4SSXW+qTBDH70n8Djw+lwZBbQu2aRNgtSIi9b14c7Isiywvu5zdFdFPf9ImJ6dJL3r5n/nN5JfMuIxKTKW2vdb4Ua3OpSQ15FKvSIuTJzVmZ5pAfn3uBl4wccLdEtjrqKt8JG2PuSCMPqqDvtFROoqmfYU6yt/dgIiaCSI/WSglRFmFqXxSU1JiCiv83IWEEtkXWfff1JZDKlLMtQlFLCH09KiaMZFfgE9liVupt5rIcFkKxEktO0pAKvzN7v//9JhQPYYiUxRUq3rGKqyzGul9ITIdnmXGOLnh5FeBr+KHdj+GhYJRxtSuEJnGBVRt27ad0fIG3cEVDScfEdgr2/ko2yuwXeFegnun93azmvFizs4NEcd6dBvLhIHaipu56WOfgXjq/wYp9ZPIP50O2EQA3I3vN/Fwus5hEgVnL/LXLvLowB+8Yx7reTmKsFfcHHz3MA8XID2Gclu2VttauSPDCW8Mp/Dvg0UUR8tzbUrEndJdncL4EvpidkwL14dJ+QbGon0FNt8Y4TUMvXc/DMiwiu1T3USsAQPAxkbz4PHWWnq5BQ/U2C9wr4G70AlS17EGU1MUI32I26VDX/VNk4T56q6YWYvc1a3DdK4HzNtXXum+zTczsydmg6x4OL6y3cwZXgzDOF16pWMZzDDSxWV+27pWqY/3aJleiejVh0uyQ2QXVGbdHI5me9xPc6Wrvrz8cCoFZexCVW2tshr9xH77Yk3rKH8CAAD//+W80BQkAwAA"
            },
            "platform_config": [],
            "preemptible_instance_config": [],
            "preserve_boot_volume": null,
            "private_ip": "10.0.1.239",
            "public_ip": "",
            "region": "uk-london-1",
            "shape": "VM.Standard.E3.Flex",
            "shape_config": [
              {
                "baseline_ocpu_utilization": "",
                "gpu_description": "",
                "gpus": 0,
                "local_disk_description": "",
                "local_disks": 0,
                "local_disks_total_size_in_gbs": 0,
                "max_vnic_attachments": 2,
                "memory_in_gbs": 10,
                "networking_bandwidth_in_gbps": 1,
                "ocpus": 1,
                "processor_description": "2.25 GHz AMD EPYC™ 7742 (Rome)"
              }
            ],
            "source_details": [
              {
                "boot_volume_size_in_gbs": "47",
                "kms_key_id": "",
                "source_id": "ocid1.image.oc1.uk-london-1.aaaaaaaaoy3hj7nha6yi3jj4f2oaeqp44aak6j34sznk3t3gvugis64ixfsa",
                "source_type": "image"
              }
            ],
            "state": "RUNNING",
            "subnet_id": "ocid1.subnet.oc1.uk-london-1.aaaaaaaabvtxmtvurdjergk5oi2wc5ndivntqyp35xrqje6ys4vrbv23uufq",
            "system_tags": {},
            "time_created": "2022-01-31 00:40:44.96 +0000 UTC",
            "time_maintenance_reboot_due": "",
            "timeouts": null
          },
          "sensitive_attributes": [],
          "private": "eyJlMmJmYjczMC1lY2FhLTExZTYtOGY4OC0zNDM2M2JjN2M0YzAiOnsiY3JlYXRlIjoyNzAwMDAwMDAwMDAwLCJkZWxldGUiOjQ1MDAwMDAwMDAwMDAsInVwZGF0ZSI6MjcwMDAwMDAwMDAwMH19",
          "dependencies": [
            "oci_core_virtual_network.KarthiOCIVCN",
            "data.oci_core_images.InstanceImageOCID",
            "data.template_cloudinit_config.cloud_init",
            "oci_core_nat_gateway.KarthiOCINATGateway",
            "oci_core_network_security_group.KarthiOCIWebSecurityGroup",
            "oci_core_route_table.KarthiOCIRouteTableViaNAT",
            "oci_core_subnet.KarthiOCIWebSubnet",
            "oci_identity_compartment.KarthiOCICompartment",
            "tls_private_key.public_private_key_pair",
            "data.template_file.key_script",
            "oci_core_dhcp_options.KarthiOCIDhcpOptions1"
          ]
        },
        {
          "index_key": 1,
          "schema_version": 0,
          "attributes": {
            "agent_config": [
              {
                "are_all_plugins_disabled": false,
                "is_management_disabled": false,
                "is_monitoring_disabled": false,
                "plugins_config": [
                  {
                    "desired_state": "ENABLED",
                    "name": "Bastion"
                  }
                ]
              }
            ],
            "async": null,
            "availability_config": [
              {
                "is_live_migration_preferred": false,
                "recovery_action": "RESTORE_INSTANCE"
              }
            ],
            "availability_domain": "anfG:UK-LONDON-1-AD-1",
            "boot_volume_id": "ocid1.bootvolume.oc1.uk-london-1.abwgiljtxbwbpmdt5uftctv5mvsvdczvikpldxtejd4gkgwgsxymmxdt26dq",
            "capacity_reservation_id": null,
            "compartment_id": "ocid1.compartment.oc1..aaaaaaaasj7ceqsvmckdvd6dhtlbfzcsr4a5x2u7tz72eu5zkc5hww4scpyq",
            "create_vnic_details": [
              {
                "assign_private_dns_record": false,
                "assign_public_ip": "false",
                "defined_tags": {
                  "Oracle-Tags.CreatedBy": "oracleidentitycloudservice/karthi.mahadevan@amberlabs.io",
                  "Oracle-Tags.CreatedOn": "2022-01-31T00:40:44.594Z"
                },
                "display_name": "karthiOCIWebserver2",
                "freeform_tags": {},
                "hostname_label": "karthiociwebserver2",
                "nsg_ids": [
                  "ocid1.networksecuritygroup.oc1.uk-london-1.aaaaaaaapt2f7p4b7nayjcaadj5a6gtssr2f4y3nawcw26xzsxbznnnyin3a"
                ],
                "private_ip": "10.0.1.63",
                "skip_source_dest_check": false,
                "subnet_id": "ocid1.subnet.oc1.uk-london-1.aaaaaaaabvtxmtvurdjergk5oi2wc5ndivntqyp35xrqje6ys4vrbv23uufq",
                "vlan_id": ""
              }
            ],
            "dedicated_vm_host_id": null,
            "defined_tags": {
              "Oracle-Tags.CreatedBy": "oracleidentitycloudservice/karthi.mahadevan@amberlabs.io",
              "Oracle-Tags.CreatedOn": "2022-01-31T00:40:44.488Z"
            },
            "display_name": "karthiOCIWebserver2",
            "extended_metadata": {},
            "fault_domain": "FAULT-DOMAIN-2",
            "freeform_tags": {},
            "hostname_label": "karthiociwebserver2",
            "id": "ocid1.instance.oc1.uk-london-1.anwgiljtzstgxmichxne77ovsxm67xhpmvjhi7ulhzb4y5fxkdssciqzz4rq",
            "image": "ocid1.image.oc1.uk-london-1.aaaaaaaaoy3hj7nha6yi3jj4f2oaeqp44aak6j34sznk3t3gvugis64ixfsa",
            "instance_options": [
              {
                "are_legacy_imds_endpoints_disabled": false
              }
            ],
            "ipxe_script": null,
            "is_pv_encryption_in_transit_enabled": null,
            "launch_mode": "PARAVIRTUALIZED",
            "launch_options": [
              {
                "boot_volume_type": "PARAVIRTUALIZED",
                "firmware": "UEFI_64",
                "is_consistent_volume_naming_enabled": true,
                "is_pv_encryption_in_transit_enabled": false,
                "network_type": "PARAVIRTUALIZED",
                "remote_data_volume_type": "PARAVIRTUALIZED"
              }
            ],
            "metadata": {
              "ssh_authorized_keys": "",
              "user_data": "H4sIAAAAAAAA/4SSXW+qTBDH70n8Djw+lwZBbQu2aRNgtSIi9b14c7Isiywvu5zdFdFPf9ImJ6dJL3r5n/nN5JfMuIxKTKW2vdb4Ua3OpSQ15FKvSIuTJzVmZ5pAfn3uBl4wccLdEtjrqKt8JG2PuSCMPqqDvtFROoqmfYU6yt/dgIiaCSI/WSglRFmFqXxSU1JiCiv83IWEEtkXWfff1JZDKlLMtQlFLCH09KiaMZFfgE9liVupt5rIcFkKxEktO0pAKvzN7v//9JhQPYYiUxRUq3rGKqyzGul9ITIdnmXGOLnh5FeBr+KHdj+GhYJRxtSuEJnGBVRt27ad0fIG3cEVDScfEdgr2/ko2yuwXeFegnun93azmvFizs4NEcd6dBvLhIHaipu56WOfgXjq/wYp9ZPIP50O2EQA3I3vN/Fwus5hEgVnL/LXLvLowB+8Yx7reTmKsFfcHHz3MA8XID2Gclu2VttauSPDCW8Mp/Dvg0UUR8tzbUrEndJdncL4EvpidkwL14dJ+QbGon0FNt8Y4TUMvXc/DMiwiu1T3USsAQPAxkbz4PHWWnq5BQ/U2C9wr4G70AlS17EGU1MUI32I26VDX/VNk4T56q6YWYvc1a3DdK4HzNtXXum+zTczsydmg6x4OL6y3cwZXgzDOF16pWMZzDDSxWV+27pWqY/3aJleiejVh0uyQ2QXVGbdHI5me9xPc6Wrvrz8cCoFZexCVW2tshr9xH77Yk3rKH8CAAD//+W80BQkAwAA"
            },
            "platform_config": [],
            "preemptible_instance_config": [],
            "preserve_boot_volume": null,
            "private_ip": "10.0.1.63",
            "public_ip": "",
            "region": "uk-london-1",
            "shape": "VM.Standard.E3.Flex",
            "shape_config": [
              {
                "baseline_ocpu_utilization": "",
                "gpu_description": "",
                "gpus": 0,
                "local_disk_description": "",
                "local_disks": 0,
                "local_disks_total_size_in_gbs": 0,
                "max_vnic_attachments": 2,
                "memory_in_gbs": 10,
                "networking_bandwidth_in_gbps": 1,
                "ocpus": 1,
                "processor_description": "2.25 GHz AMD EPYC™ 7742 (Rome)"
              }
            ],
            "source_details": [
              {
                "boot_volume_size_in_gbs": "47",
                "kms_key_id": "",
                "source_id": "ocid1.image.oc1.uk-london-1.aaaaaaaaoy3hj7nha6yi3jj4f2oaeqp44aak6j34sznk3t3gvugis64ixfsa",
                "source_type": "image"
              }
            ],
            "state": "RUNNING",
            "subnet_id": "ocid1.subnet.oc1.uk-london-1.aaaaaaaabvtxmtvurdjergk5oi2wc5ndivntqyp35xrqje6ys4vrbv23uufq",
            "system_tags": {},
            "time_created": "2022-01-31 00:40:45.164 +0000 UTC",
            "time_maintenance_reboot_due": "",
            "timeouts": null
          },
          "sensitive_attributes": [],
          "private": "eyJlMmJmYjczMC1lY2FhLTExZTYtOGY4OC0zNDM2M2JjN2M0YzAiOnsiY3JlYXRlIjoyNzAwMDAwMDAwMDAwLCJkZWxldGUiOjQ1MDAwMDAwMDAwMDAsInVwZGF0ZSI6MjcwMDAwMDAwMDAwMH19",
          "dependencies": [
            "oci_identity_compartment.KarthiOCICompartment",
            "tls_private_key.public_private_key_pair",
            "data.template_cloudinit_config.cloud_init",
            "data.template_file.key_script",
            "oci_core_route_table.KarthiOCIRouteTableViaNAT",
            "oci_core_virtual_network.KarthiOCIVCN",
            "oci_core_subnet.KarthiOCIWebSubnet",
            "data.oci_core_images.InstanceImageOCID",
            "oci_core_dhcp_options.KarthiOCIDhcpOptions1",
            "oci_core_nat_gateway.KarthiOCINATGateway",
            "oci_core_network_security_group.KarthiOCIWebSecurityGroup"
          ]
        },
        {
          "index_key": 2,
          "schema_version": 0,
          "attributes": {
            "agent_config": [
              {
                "are_all_plugins_disabled": false,
                "is_management_disabled": false,
                "is_monitoring_disabled": false,
                "plugins_config": [
                  {
                    "desired_state": "ENABLED",
                    "name": "Bastion"
                  }
                ]
              }
            ],
            "async": null,
            "availability_config": [
              {
                "is_live_migration_preferred": false,
                "recovery_action": "RESTORE_INSTANCE"
              }
            ],
            "availability_domain": "anfG:UK-LONDON-1-AD-1",
            "boot_volume_id": "ocid1.bootvolume.oc1.uk-london-1.abwgiljt3dov5aihczrisg73zdhn25qr5j5yva3tp3fitu4oyld4rkgv2via",
            "capacity_reservation_id": null,
            "compartment_id": "ocid1.compartment.oc1..aaaaaaaasj7ceqsvmckdvd6dhtlbfzcsr4a5x2u7tz72eu5zkc5hww4scpyq",
            "create_vnic_details": [
              {
                "assign_private_dns_record": false,
                "assign_public_ip": "false",
                "defined_tags": {
                  "Oracle-Tags.CreatedBy": "oracleidentitycloudservice/karthi.mahadevan@amberlabs.io",
                  "Oracle-Tags.CreatedOn": "2022-01-31T00:40:44.429Z"
                },
                "display_name": "karthiOCIWebserver3",
                "freeform_tags": {},
                "hostname_label": "karthiociwebserver3",
                "nsg_ids": [
                  "ocid1.networksecuritygroup.oc1.uk-london-1.aaaaaaaapt2f7p4b7nayjcaadj5a6gtssr2f4y3nawcw26xzsxbznnnyin3a"
                ],
                "private_ip": "10.0.1.36",
                "skip_source_dest_check": false,
                "subnet_id": "ocid1.subnet.oc1.uk-london-1.aaaaaaaabvtxmtvurdjergk5oi2wc5ndivntqyp35xrqje6ys4vrbv23uufq",
                "vlan_id": ""
              }
            ],
            "dedicated_vm_host_id": null,
            "defined_tags": {
              "Oracle-Tags.CreatedBy": "oracleidentitycloudservice/karthi.mahadevan@amberlabs.io",
              "Oracle-Tags.CreatedOn": "2022-01-31T00:40:44.310Z"
            },
            "display_name": "karthiOCIWebserver3",
            "extended_metadata": {},
            "fault_domain": "FAULT-DOMAIN-3",
            "freeform_tags": {},
            "hostname_label": "karthiociwebserver3",
            "id": "ocid1.instance.oc1.uk-london-1.anwgiljtzstgxmicktrdjriquao57abvmi7ry42pneucco4cvkbz62i7yfea",
            "image": "ocid1.image.oc1.uk-london-1.aaaaaaaaoy3hj7nha6yi3jj4f2oaeqp44aak6j34sznk3t3gvugis64ixfsa",
            "instance_options": [
              {
                "are_legacy_imds_endpoints_disabled": false
              }
            ],
            "ipxe_script": null,
            "is_pv_encryption_in_transit_enabled": null,
            "launch_mode": "PARAVIRTUALIZED",
            "launch_options": [
              {
                "boot_volume_type": "PARAVIRTUALIZED",
                "firmware": "UEFI_64",
                "is_consistent_volume_naming_enabled": true,
                "is_pv_encryption_in_transit_enabled": false,
                "network_type": "PARAVIRTUALIZED",
                "remote_data_volume_type": "PARAVIRTUALIZED"
              }
            ],
            "metadata": {
              "ssh_authorized_keys": "",
              "user_data": "H4sIAAAAAAAA/4SSXW+qTBDH70n8Djw+lwZBbQu2aRNgtSIi9b14c7Isiywvu5zdFdFPf9ImJ6dJL3r5n/nN5JfMuIxKTKW2vdb4Ua3OpSQ15FKvSIuTJzVmZ5pAfn3uBl4wccLdEtjrqKt8JG2PuSCMPqqDvtFROoqmfYU6yt/dgIiaCSI/WSglRFmFqXxSU1JiCiv83IWEEtkXWfff1JZDKlLMtQlFLCH09KiaMZFfgE9liVupt5rIcFkKxEktO0pAKvzN7v//9JhQPYYiUxRUq3rGKqyzGul9ITIdnmXGOLnh5FeBr+KHdj+GhYJRxtSuEJnGBVRt27ad0fIG3cEVDScfEdgr2/ko2yuwXeFegnun93azmvFizs4NEcd6dBvLhIHaipu56WOfgXjq/wYp9ZPIP50O2EQA3I3vN/Fwus5hEgVnL/LXLvLowB+8Yx7reTmKsFfcHHz3MA8XID2Gclu2VttauSPDCW8Mp/Dvg0UUR8tzbUrEndJdncL4EvpidkwL14dJ+QbGon0FNt8Y4TUMvXc/DMiwiu1T3USsAQPAxkbz4PHWWnq5BQ/U2C9wr4G70AlS17EGU1MUI32I26VDX/VNk4T56q6YWYvc1a3DdK4HzNtXXum+zTczsydmg6x4OL6y3cwZXgzDOF16pWMZzDDSxWV+27pWqY/3aJleiejVh0uyQ2QXVGbdHI5me9xPc6Wrvrz8cCoFZexCVW2tshr9xH77Yk3rKH8CAAD//+W80BQkAwAA"
            },
            "platform_config": [],
            "preemptible_instance_config": [],
            "preserve_boot_volume": null,
            "private_ip": "10.0.1.36",
            "public_ip": "",
            "region": "uk-london-1",
            "shape": "VM.Standard.E3.Flex",
            "shape_config": [
              {
                "baseline_ocpu_utilization": "",
                "gpu_description": "",
                "gpus": 0,
                "local_disk_description": "",
                "local_disks": 0,
                "local_disks_total_size_in_gbs": 0,
                "max_vnic_attachments": 2,
                "memory_in_gbs": 10,
                "networking_bandwidth_in_gbps": 1,
                "ocpus": 1,
                "processor_description": "2.25 GHz AMD EPYC™ 7742 (Rome)"
              }
            ],
            "source_details": [
              {
                "boot_volume_size_in_gbs": "47",
                "kms_key_id": "",
                "source_id": "ocid1.image.oc1.uk-london-1.aaaaaaaaoy3hj7nha6yi3jj4f2oaeqp44aak6j34sznk3t3gvugis64ixfsa",
                "source_type": "image"
              }
            ],
            "state": "RUNNING",
            "subnet_id": "ocid1.subnet.oc1.uk-london-1.aaaaaaaabvtxmtvurdjergk5oi2wc5ndivntqyp35xrqje6ys4vrbv23uufq",
            "system_tags": {},
            "time_created": "2022-01-31 00:40:44.993 +0000 UTC",
            "time_maintenance_reboot_due": "",
            "timeouts": null
          },
          "sensitive_attributes": [],
          "private": "eyJlMmJmYjczMC1lY2FhLTExZTYtOGY4OC0zNDM2M2JjN2M0YzAiOnsiY3JlYXRlIjoyNzAwMDAwMDAwMDAwLCJkZWxldGUiOjQ1MDAwMDAwMDAwMDAsInVwZGF0ZSI6MjcwMDAwMDAwMDAwMH19",
          "dependencies": [
            "data.template_file.key_script",
            "oci_core_route_table.KarthiOCIRouteTableViaNAT",
            "tls_private_key.public_private_key_pair",
            "data.oci_core_images.InstanceImageOCID",
            "data.template_cloudinit_config.cloud_init",
            "oci_core_network_security_group.KarthiOCIWebSecurityGroup",
            "oci_core_subnet.KarthiOCIWebSubnet",
            "oci_core_virtual_network.KarthiOCIVCN",
            "oci_identity_compartment.KarthiOCICompartment",
            "oci_core_dhcp_options.KarthiOCIDhcpOptions1",
            "oci_core_nat_gateway.KarthiOCINATGateway"
          ]
        }
      ]
    },
    {
      "mode": "managed",
      "type": "oci_core_internet_gateway",
      "name": "KarthiOCIInternetGateway",
      "provider": "provider[\"registry.terraform.io/hashicorp/oci\"]",
      "instances": [
        {
          "schema_version": 0,
          "attributes": {
            "compartment_id": "ocid1.compartment.oc1..aaaaaaaasj7ceqsvmckdvd6dhtlbfzcsr4a5x2u7tz72eu5zkc5hww4scpyq",
            "defined_tags": {
              "Oracle-Tags.CreatedBy": "oracleidentitycloudservice/karthi.mahadevan@amberlabs.io",
              "Oracle-Tags.CreatedOn": "2022-01-31T00:40:36.984Z"
            },
            "display_name": "KarthiOCIInternetGateway",
            "enabled": true,
            "freeform_tags": {},
            "id": "ocid1.internetgateway.oc1.uk-london-1.aaaaaaaaskp6ldnqhp6vf4h4cwhqfhyz6ywehfzkwldt3cdrawyys2ofzs2a",
            "state": "AVAILABLE",
            "time_created": "2022-01-31 00:40:37.049 +0000 UTC",
            "timeouts": null,
            "vcn_id": "ocid1.vcn.oc1.uk-london-1.amaaaaaazstgxmialhpu6y2zgw4em5ncc5kgjalasmusaq5aqjedfqdwppvq"
          },
          "sensitive_attributes": [],
          "private": "eyJlMmJmYjczMC1lY2FhLTExZTYtOGY4OC0zNDM2M2JjN2M0YzAiOnsiY3JlYXRlIjoxMjAwMDAwMDAwMDAwLCJkZWxldGUiOjEyMDAwMDAwMDAwMDAsInVwZGF0ZSI6MTIwMDAwMDAwMDAwMH19",
          "dependencies": [
            "oci_core_virtual_network.KarthiOCIVCN",
            "oci_identity_compartment.KarthiOCICompartment"
          ]
        }
      ]
    },
    {
      "mode": "managed",
      "type": "oci_core_nat_gateway",
      "name": "KarthiOCINATGateway",
      "provider": "provider[\"registry.terraform.io/hashicorp/oci\"]",
      "instances": [
        {
          "schema_version": 0,
          "attributes": {
            "block_traffic": false,
            "compartment_id": "ocid1.compartment.oc1..aaaaaaaasj7ceqsvmckdvd6dhtlbfzcsr4a5x2u7tz72eu5zkc5hww4scpyq",
            "defined_tags": {
              "Oracle-Tags.CreatedBy": "oracleidentitycloudservice/karthi.mahadevan@amberlabs.io",
              "Oracle-Tags.CreatedOn": "2022-01-31T00:40:36.819Z"
            },
            "display_name": "KarthiOCINATGateway",
            "freeform_tags": {},
            "id": "ocid1.natgateway.oc1.uk-london-1.aaaaaaaa2ffpjonwxpgyju22tjkrsxyrrugpon3jmpdoazgv6umebrhglmeq",
            "nat_ip": "144.21.53.175",
            "public_ip_id": "ocid1.publicip.oc1.uk-london-1.aaaaaaaarcmhrk25ndlbxt5tnitxnj6z2ab47naskz2votbwsyve3dxrdphq",
            "state": "AVAILABLE",
            "time_created": "2022-01-31 00:40:37.13 +0000 UTC",
            "timeouts": null,
            "vcn_id": "ocid1.vcn.oc1.uk-london-1.amaaaaaazstgxmialhpu6y2zgw4em5ncc5kgjalasmusaq5aqjedfqdwppvq"
          },
          "sensitive_attributes": [],
          "private": "eyJlMmJmYjczMC1lY2FhLTExZTYtOGY4OC0zNDM2M2JjN2M0YzAiOnsiY3JlYXRlIjoxMjAwMDAwMDAwMDAwLCJkZWxldGUiOjEyMDAwMDAwMDAwMDAsInVwZGF0ZSI6MTIwMDAwMDAwMDAwMH19",
          "dependencies": [
            "oci_core_virtual_network.KarthiOCIVCN",
            "oci_identity_compartment.KarthiOCICompartment"
          ]
        }
      ]
    },
    {
      "mode": "managed",
      "type": "oci_core_network_security_group",
      "name": "KarthiOCISSHSecurityGroup",
      "provider": "provider[\"registry.terraform.io/hashicorp/oci\"]",
      "instances": [
        {
          "schema_version": 0,
          "attributes": {
            "compartment_id": "ocid1.compartment.oc1..aaaaaaaasj7ceqsvmckdvd6dhtlbfzcsr4a5x2u7tz72eu5zkc5hww4scpyq",
            "defined_tags": {
              "Oracle-Tags.CreatedBy": "oracleidentitycloudservice/karthi.mahadevan@amberlabs.io",
              "Oracle-Tags.CreatedOn": "2022-01-31T00:40:36.620Z"
            },
            "display_name": "KarthiOCISSHSecurityGroup",
            "freeform_tags": {},
            "id": "ocid1.networksecuritygroup.oc1.uk-london-1.aaaaaaaaclhnr7oymnas3gjtjhazsmqzpgj3xrhfqkuum6w55pzvqv32l2ea",
            "state": "AVAILABLE",
            "time_created": "2022-01-31 00:40:36.742 +0000 UTC",
            "timeouts": null,
            "vcn_id": "ocid1.vcn.oc1.uk-london-1.amaaaaaazstgxmialhpu6y2zgw4em5ncc5kgjalasmusaq5aqjedfqdwppvq"
          },
          "sensitive_attributes": [],
          "private": "eyJlMmJmYjczMC1lY2FhLTExZTYtOGY4OC0zNDM2M2JjN2M0YzAiOnsiY3JlYXRlIjoxMjAwMDAwMDAwMDAwLCJkZWxldGUiOjEyMDAwMDAwMDAwMDAsInVwZGF0ZSI6MTIwMDAwMDAwMDAwMH19",
          "dependencies": [
            "oci_core_virtual_network.KarthiOCIVCN",
            "oci_identity_compartment.KarthiOCICompartment"
          ]
        }
      ]
    },
    {
      "mode": "managed",
      "type": "oci_core_network_security_group",
      "name": "KarthiOCIWebSecurityGroup",
      "provider": "provider[\"registry.terraform.io/hashicorp/oci\"]",
      "instances": [
        {
          "schema_version": 0,
          "attributes": {
            "compartment_id": "ocid1.compartment.oc1..aaaaaaaasj7ceqsvmckdvd6dhtlbfzcsr4a5x2u7tz72eu5zkc5hww4scpyq",
            "defined_tags": {
              "Oracle-Tags.CreatedBy": "oracleidentitycloudservice/karthi.mahadevan@amberlabs.io",
              "Oracle-Tags.CreatedOn": "2022-01-31T00:40:37.001Z"
            },
            "display_name": "KarthiOCIWebSecurityGroup",
            "freeform_tags": {},
            "id": "ocid1.networksecuritygroup.oc1.uk-london-1.aaaaaaaapt2f7p4b7nayjcaadj5a6gtssr2f4y3nawcw26xzsxbznnnyin3a",
            "state": "AVAILABLE",
            "time_created": "2022-01-31 00:40:37.09 +0000 UTC",
            "timeouts": null,
            "vcn_id": "ocid1.vcn.oc1.uk-london-1.amaaaaaazstgxmialhpu6y2zgw4em5ncc5kgjalasmusaq5aqjedfqdwppvq"
          },
          "sensitive_attributes": [],
          "private": "eyJlMmJmYjczMC1lY2FhLTExZTYtOGY4OC0zNDM2M2JjN2M0YzAiOnsiY3JlYXRlIjoxMjAwMDAwMDAwMDAwLCJkZWxldGUiOjEyMDAwMDAwMDAwMDAsInVwZGF0ZSI6MTIwMDAwMDAwMDAwMH19",
          "dependencies": [
            "oci_core_virtual_network.KarthiOCIVCN",
            "oci_identity_compartment.KarthiOCICompartment"
          ]
        }
      ]
    },
    {
      "mode": "managed",
      "type": "oci_core_network_security_group_security_rule",
      "name": "KarthiOCISSHSecurityEgressGroupRule",
      "provider": "provider[\"registry.terraform.io/hashicorp/oci\"]",
      "instances": [
        {
          "schema_version": 0,
          "attributes": {
            "description": null,
            "destination": "0.0.0.0/0",
            "destination_type": "CIDR_BLOCK",
            "direction": "EGRESS",
            "icmp_options": [],
            "id": "A22E75",
            "is_valid": true,
            "network_security_group_id": "ocid1.networksecuritygroup.oc1.uk-london-1.aaaaaaaaclhnr7oymnas3gjtjhazsmqzpgj3xrhfqkuum6w55pzvqv32l2ea",
            "protocol": "6",
            "source": null,
            "source_type": "",
            "stateless": false,
            "tcp_options": [],
            "time_created": "2022-01-31 00:40:37.437 +0000 UTC",
            "timeouts": null,
            "udp_options": []
          },
          "sensitive_attributes": [],
          "private": "eyJlMmJmYjczMC1lY2FhLTExZTYtOGY4OC0zNDM2M2JjN2M0YzAiOnsiY3JlYXRlIjoxMjAwMDAwMDAwMDAwLCJkZWxldGUiOjEyMDAwMDAwMDAwMDAsInVwZGF0ZSI6MTIwMDAwMDAwMDAwMH19",
          "dependencies": [
            "oci_core_network_security_group.KarthiOCISSHSecurityGroup",
            "oci_core_virtual_network.KarthiOCIVCN",
            "oci_identity_compartment.KarthiOCICompartment"
          ]
        }
      ]
    },
    {
      "mode": "managed",
      "type": "oci_core_network_security_group_security_rule",
      "name": "KarthiOCISSHSecurityIngressGroupRules",
      "provider": "provider[\"registry.terraform.io/hashicorp/oci\"]",
      "instances": [
        {
          "index_key": "22",
          "schema_version": 0,
          "attributes": {
            "description": null,
            "destination": null,
            "destination_type": "",
            "direction": "INGRESS",
            "icmp_options": [],
            "id": "AD7584",
            "is_valid": true,
            "network_security_group_id": "ocid1.networksecuritygroup.oc1.uk-london-1.aaaaaaaaclhnr7oymnas3gjtjhazsmqzpgj3xrhfqkuum6w55pzvqv32l2ea",
            "protocol": "6",
            "source": "0.0.0.0/0",
            "source_type": "CIDR_BLOCK",
            "stateless": false,
            "tcp_options": [
              {
                "destination_port_range": [
                  {
                    "max": 22,
                    "min": 22
                  }
                ],
                "source_port_range": []
              }
            ],
            "time_created": "2022-01-31 00:40:37.284 +0000 UTC",
            "timeouts": null,
            "udp_options": []
          },
          "sensitive_attributes": [],
          "private": "eyJlMmJmYjczMC1lY2FhLTExZTYtOGY4OC0zNDM2M2JjN2M0YzAiOnsiY3JlYXRlIjoxMjAwMDAwMDAwMDAwLCJkZWxldGUiOjEyMDAwMDAwMDAwMDAsInVwZGF0ZSI6MTIwMDAwMDAwMDAwMH19",
          "dependencies": [
            "oci_core_network_security_group.KarthiOCISSHSecurityGroup",
            "oci_core_virtual_network.KarthiOCIVCN",
            "oci_identity_compartment.KarthiOCICompartment"
          ]
        }
      ]
    },
    {
      "mode": "managed",
      "type": "oci_core_network_security_group_security_rule",
      "name": "KarthiOCIWebSecurityEgressGroupRule",
      "provider": "provider[\"registry.terraform.io/hashicorp/oci\"]",
      "instances": [
        {
          "schema_version": 0,
          "attributes": {
            "description": null,
            "destination": "0.0.0.0/0",
            "destination_type": "CIDR_BLOCK",
            "direction": "EGRESS",
            "icmp_options": [],
            "id": "A2247E",
            "is_valid": true,
            "network_security_group_id": "ocid1.networksecuritygroup.oc1.uk-london-1.aaaaaaaapt2f7p4b7nayjcaadj5a6gtssr2f4y3nawcw26xzsxbznnnyin3a",
            "protocol": "6",
            "source": null,
            "source_type": "",
            "stateless": false,
            "tcp_options": [],
            "time_created": "2022-01-31 00:40:39.102 +0000 UTC",
            "timeouts": null,
            "udp_options": []
          },
          "sensitive_attributes": [],
          "private": "eyJlMmJmYjczMC1lY2FhLTExZTYtOGY4OC0zNDM2M2JjN2M0YzAiOnsiY3JlYXRlIjoxMjAwMDAwMDAwMDAwLCJkZWxldGUiOjEyMDAwMDAwMDAwMDAsInVwZGF0ZSI6MTIwMDAwMDAwMDAwMH19",
          "dependencies": [
            "oci_identity_compartment.KarthiOCICompartment",
            "oci_core_network_security_group.KarthiOCIWebSecurityGroup",
            "oci_core_virtual_network.KarthiOCIVCN"
          ]
        }
      ]
    },
    {
      "mode": "managed",
      "type": "oci_core_network_security_group_security_rule",
      "name": "KarthiOCIWebSecurityIngressGroupRules",
      "provider": "provider[\"registry.terraform.io/hashicorp/oci\"]",
      "instances": [
        {
          "index_key": "443",
          "schema_version": 0,
          "attributes": {
            "description": null,
            "destination": null,
            "destination_type": "",
            "direction": "INGRESS",
            "icmp_options": [],
            "id": "177583",
            "is_valid": true,
            "network_security_group_id": "ocid1.networksecuritygroup.oc1.uk-london-1.aaaaaaaapt2f7p4b7nayjcaadj5a6gtssr2f4y3nawcw26xzsxbznnnyin3a",
            "protocol": "6",
            "source": "0.0.0.0/0",
            "source_type": "CIDR_BLOCK",
            "stateless": false,
            "tcp_options": [
              {
                "destination_port_range": [
                  {
                    "max": 443,
                    "min": 443
                  }
                ],
                "source_port_range": []
              }
            ],
            "time_created": "2022-01-31 00:40:37.579 +0000 UTC",
            "timeouts": null,
            "udp_options": []
          },
          "sensitive_attributes": [],
          "private": "eyJlMmJmYjczMC1lY2FhLTExZTYtOGY4OC0zNDM2M2JjN2M0YzAiOnsiY3JlYXRlIjoxMjAwMDAwMDAwMDAwLCJkZWxldGUiOjEyMDAwMDAwMDAwMDAsInVwZGF0ZSI6MTIwMDAwMDAwMDAwMH19",
          "dependencies": [
            "oci_core_network_security_group.KarthiOCIWebSecurityGroup",
            "oci_core_virtual_network.KarthiOCIVCN",
            "oci_identity_compartment.KarthiOCICompartment"
          ]
        },
        {
          "index_key": "80",
          "schema_version": 0,
          "attributes": {
            "description": null,
            "destination": null,
            "destination_type": "",
            "direction": "INGRESS",
            "icmp_options": [],
            "id": "2E4DBC",
            "is_valid": true,
            "network_security_group_id": "ocid1.networksecuritygroup.oc1.uk-london-1.aaaaaaaapt2f7p4b7nayjcaadj5a6gtssr2f4y3nawcw26xzsxbznnnyin3a",
            "protocol": "6",
            "source": "0.0.0.0/0",
            "source_type": "CIDR_BLOCK",
            "stateless": false,
            "tcp_options": [
              {
                "destination_port_range": [
                  {
                    "max": 80,
                    "min": 80
                  }
                ],
                "source_port_range": []
              }
            ],
            "time_created": "2022-01-31 00:40:37.779 +0000 UTC",
            "timeouts": null,
            "udp_options": []
          },
          "sensitive_attributes": [],
          "private": "eyJlMmJmYjczMC1lY2FhLTExZTYtOGY4OC0zNDM2M2JjN2M0YzAiOnsiY3JlYXRlIjoxMjAwMDAwMDAwMDAwLCJkZWxldGUiOjEyMDAwMDAwMDAwMDAsInVwZGF0ZSI6MTIwMDAwMDAwMDAwMH19",
          "dependencies": [
            "oci_identity_compartment.KarthiOCICompartment",
            "oci_core_network_security_group.KarthiOCIWebSecurityGroup",
            "oci_core_virtual_network.KarthiOCIVCN"
          ]
        }
      ]
    },
    {
      "mode": "managed",
      "type": "oci_core_route_table",
      "name": "KarthiOCIRouteTableViaIGW",
      "provider": "provider[\"registry.terraform.io/hashicorp/oci\"]",
      "instances": [
        {
          "schema_version": 0,
          "attributes": {
            "compartment_id": "ocid1.compartment.oc1..aaaaaaaasj7ceqsvmckdvd6dhtlbfzcsr4a5x2u7tz72eu5zkc5hww4scpyq",
            "defined_tags": {
              "Oracle-Tags.CreatedBy": "oracleidentitycloudservice/karthi.mahadevan@amberlabs.io",
              "Oracle-Tags.CreatedOn": "2022-01-31T00:40:37.415Z"
            },
            "display_name": "KarthiOCIRouteTableViaIGW",
            "freeform_tags": {},
            "id": "ocid1.routetable.oc1.uk-london-1.aaaaaaaa6kgroi6rviud34mppfwkqlzsca7gsfsszhsblyc7kiqxhh7cs4oa",
            "route_rules": [
              {
                "cidr_block": "",
                "description": "",
                "destination": "0.0.0.0/0",
                "destination_type": "CIDR_BLOCK",
                "network_entity_id": "ocid1.internetgateway.oc1.uk-london-1.aaaaaaaaskp6ldnqhp6vf4h4cwhqfhyz6ywehfzkwldt3cdrawyys2ofzs2a"
              }
            ],
            "state": "AVAILABLE",
            "time_created": "2022-01-31 00:40:37.436 +0000 UTC",
            "timeouts": null,
            "vcn_id": "ocid1.vcn.oc1.uk-london-1.amaaaaaazstgxmialhpu6y2zgw4em5ncc5kgjalasmusaq5aqjedfqdwppvq"
          },
          "sensitive_attributes": [],
          "private": "eyJlMmJmYjczMC1lY2FhLTExZTYtOGY4OC0zNDM2M2JjN2M0YzAiOnsiY3JlYXRlIjoxMjAwMDAwMDAwMDAwLCJkZWxldGUiOjEyMDAwMDAwMDAwMDAsInVwZGF0ZSI6MTIwMDAwMDAwMDAwMH19",
          "dependencies": [
            "oci_core_internet_gateway.KarthiOCIInternetGateway",
            "oci_core_virtual_network.KarthiOCIVCN",
            "oci_identity_compartment.KarthiOCICompartment"
          ]
        }
      ]
    },
    {
      "mode": "managed",
      "type": "oci_core_route_table",
      "name": "KarthiOCIRouteTableViaNAT",
      "provider": "provider[\"registry.terraform.io/hashicorp/oci\"]",
      "instances": [
        {
          "schema_version": 0,
          "attributes": {
            "compartment_id": "ocid1.compartment.oc1..aaaaaaaasj7ceqsvmckdvd6dhtlbfzcsr4a5x2u7tz72eu5zkc5hww4scpyq",
            "defined_tags": {
              "Oracle-Tags.CreatedBy": "oracleidentitycloudservice/karthi.mahadevan@amberlabs.io",
              "Oracle-Tags.CreatedOn": "2022-01-31T00:40:38.497Z"
            },
            "display_name": "KarthiOCIRouteTableViaNAT",
            "freeform_tags": {},
            "id": "ocid1.routetable.oc1.uk-london-1.aaaaaaaat3hnid6ubdcxjoekfal33s43lb7f2odiiauilk4ntcsh73npgwjq",
            "route_rules": [
              {
                "cidr_block": "",
                "description": "",
                "destination": "0.0.0.0/0",
                "destination_type": "CIDR_BLOCK",
                "network_entity_id": "ocid1.natgateway.oc1.uk-london-1.aaaaaaaa2ffpjonwxpgyju22tjkrsxyrrugpon3jmpdoazgv6umebrhglmeq"
              }
            ],
            "state": "AVAILABLE",
            "time_created": "2022-01-31 00:40:38.619 +0000 UTC",
            "timeouts": null,
            "vcn_id": "ocid1.vcn.oc1.uk-london-1.amaaaaaazstgxmialhpu6y2zgw4em5ncc5kgjalasmusaq5aqjedfqdwppvq"
          },
          "sensitive_attributes": [],
          "private": "eyJlMmJmYjczMC1lY2FhLTExZTYtOGY4OC0zNDM2M2JjN2M0YzAiOnsiY3JlYXRlIjoxMjAwMDAwMDAwMDAwLCJkZWxldGUiOjEyMDAwMDAwMDAwMDAsInVwZGF0ZSI6MTIwMDAwMDAwMDAwMH19",
          "dependencies": [
            "oci_core_nat_gateway.KarthiOCINATGateway",
            "oci_core_virtual_network.KarthiOCIVCN",
            "oci_identity_compartment.KarthiOCICompartment"
          ]
        }
      ]
    },
    {
      "mode": "managed",
      "type": "oci_core_subnet",
      "name": "KarthiOCIBastionSubnet",
      "provider": "provider[\"registry.terraform.io/hashicorp/oci\"]",
      "instances": [
        {
          "schema_version": 0,
          "attributes": {
            "availability_domain": null,
            "cidr_block": "10.0.3.0/24",
            "compartment_id": "ocid1.compartment.oc1..aaaaaaaasj7ceqsvmckdvd6dhtlbfzcsr4a5x2u7tz72eu5zkc5hww4scpyq",
            "defined_tags": {
              "Oracle-Tags.CreatedBy": "oracleidentitycloudservice/karthi.mahadevan@amberlabs.io",
              "Oracle-Tags.CreatedOn": "2022-01-31T00:40:37.931Z"
            },
            "dhcp_options_id": "ocid1.dhcpoptions.oc1.uk-london-1.aaaaaaaaqxernssav2bq2zp6arujmbf2wkw23cxj2jly67ymkf7qxcnqqsua",
            "display_name": "KarthiOCIBastionSubnet",
            "dns_label": "karthiocin3",
            "freeform_tags": {},
            "id": "ocid1.subnet.oc1.uk-london-1.aaaaaaaaqvqmohvcj4t75uthbc5hwncv6ke7pko4jdofzbmq6s5yhmg2inya",
            "ipv6cidr_block": null,
            "ipv6virtual_router_ip": null,
            "prohibit_internet_ingress": false,
            "prohibit_public_ip_on_vnic": false,
            "route_table_id": "ocid1.routetable.oc1.uk-london-1.aaaaaaaa6kgroi6rviud34mppfwkqlzsca7gsfsszhsblyc7kiqxhh7cs4oa",
            "security_list_ids": [
              "ocid1.securitylist.oc1.uk-london-1.aaaaaaaauik7orn6ca4opspzz3pm4vgdvey4licw63jycesbge2itbfmprla"
            ],
            "state": "AVAILABLE",
            "subnet_domain_name": "karthiocin3.karthiocivcn.oraclevcn.com",
            "time_created": "2022-01-31 00:40:37.982 +0000 UTC",
            "timeouts": null,
            "vcn_id": "ocid1.vcn.oc1.uk-london-1.amaaaaaazstgxmialhpu6y2zgw4em5ncc5kgjalasmusaq5aqjedfqdwppvq",
            "virtual_router_ip": "10.0.3.1",
            "virtual_router_mac": "00:00:17:9E:D2:53"
          },
          "sensitive_attributes": [],
          "private": "eyJlMmJmYjczMC1lY2FhLTExZTYtOGY4OC0zNDM2M2JjN2M0YzAiOnsiY3JlYXRlIjoxMjAwMDAwMDAwMDAwLCJkZWxldGUiOjEyMDAwMDAwMDAwMDAsInVwZGF0ZSI6MTIwMDAwMDAwMDAwMH19",
          "dependencies": [
            "oci_core_virtual_network.KarthiOCIVCN",
            "oci_identity_compartment.KarthiOCICompartment",
            "oci_core_dhcp_options.KarthiOCIDhcpOptions1",
            "oci_core_internet_gateway.KarthiOCIInternetGateway",
            "oci_core_route_table.KarthiOCIRouteTableViaIGW"
          ]
        }
      ]
    },
    {
      "mode": "managed",
      "type": "oci_core_subnet",
      "name": "KarthiOCILBSubnet",
      "provider": "provider[\"registry.terraform.io/hashicorp/oci\"]",
      "instances": [
        {
          "schema_version": 0,
          "attributes": {
            "availability_domain": null,
            "cidr_block": "10.0.2.0/24",
            "compartment_id": "ocid1.compartment.oc1..aaaaaaaasj7ceqsvmckdvd6dhtlbfzcsr4a5x2u7tz72eu5zkc5hww4scpyq",
            "defined_tags": {
              "Oracle-Tags.CreatedBy": "oracleidentitycloudservice/karthi.mahadevan@amberlabs.io",
              "Oracle-Tags.CreatedOn": "2022-01-31T00:40:37.919Z"
            },
            "dhcp_options_id": "ocid1.dhcpoptions.oc1.uk-london-1.aaaaaaaaqxernssav2bq2zp6arujmbf2wkw23cxj2jly67ymkf7qxcnqqsua",
            "display_name": "KarthiOCILBSubnet",
            "dns_label": "karthiocin1",
            "freeform_tags": {},
            "id": "ocid1.subnet.oc1.uk-london-1.aaaaaaaa7ehjhzurbb5gktzpaclge25pfzez2sxuxk6u3wdx2mawyyjsiema",
            "ipv6cidr_block": null,
            "ipv6virtual_router_ip": null,
            "prohibit_internet_ingress": false,
            "prohibit_public_ip_on_vnic": false,
            "route_table_id": "ocid1.routetable.oc1.uk-london-1.aaaaaaaa6kgroi6rviud34mppfwkqlzsca7gsfsszhsblyc7kiqxhh7cs4oa",
            "security_list_ids": [
              "ocid1.securitylist.oc1.uk-london-1.aaaaaaaauik7orn6ca4opspzz3pm4vgdvey4licw63jycesbge2itbfmprla"
            ],
            "state": "AVAILABLE",
            "subnet_domain_name": "karthiocin1.karthiocivcn.oraclevcn.com",
            "time_created": "2022-01-31 00:40:39.273 +0000 UTC",
            "timeouts": null,
            "vcn_id": "ocid1.vcn.oc1.uk-london-1.amaaaaaazstgxmialhpu6y2zgw4em5ncc5kgjalasmusaq5aqjedfqdwppvq",
            "virtual_router_ip": "10.0.2.1",
            "virtual_router_mac": "00:00:17:9E:D2:53"
          },
          "sensitive_attributes": [],
          "private": "eyJlMmJmYjczMC1lY2FhLTExZTYtOGY4OC0zNDM2M2JjN2M0YzAiOnsiY3JlYXRlIjoxMjAwMDAwMDAwMDAwLCJkZWxldGUiOjEyMDAwMDAwMDAwMDAsInVwZGF0ZSI6MTIwMDAwMDAwMDAwMH19",
          "dependencies": [
            "oci_core_internet_gateway.KarthiOCIInternetGateway",
            "oci_core_route_table.KarthiOCIRouteTableViaIGW",
            "oci_core_virtual_network.KarthiOCIVCN",
            "oci_identity_compartment.KarthiOCICompartment",
            "oci_core_dhcp_options.KarthiOCIDhcpOptions1"
          ]
        }
      ]
    },
    {
      "mode": "managed",
      "type": "oci_core_subnet",
      "name": "KarthiOCIWebSubnet",
      "provider": "provider[\"registry.terraform.io/hashicorp/oci\"]",
      "instances": [
        {
          "schema_version": 0,
          "attributes": {
            "availability_domain": null,
            "cidr_block": "10.0.1.0/24",
            "compartment_id": "ocid1.compartment.oc1..aaaaaaaasj7ceqsvmckdvd6dhtlbfzcsr4a5x2u7tz72eu5zkc5hww4scpyq",
            "defined_tags": {
              "Oracle-Tags.CreatedBy": "oracleidentitycloudservice/karthi.mahadevan@amberlabs.io",
              "Oracle-Tags.CreatedOn": "2022-01-31T00:40:37.919Z"
            },
            "dhcp_options_id": "ocid1.dhcpoptions.oc1.uk-london-1.aaaaaaaaqxernssav2bq2zp6arujmbf2wkw23cxj2jly67ymkf7qxcnqqsua",
            "display_name": "KarthiOCIWebSubnet",
            "dns_label": "karthiocin2",
            "freeform_tags": {},
            "id": "ocid1.subnet.oc1.uk-london-1.aaaaaaaabvtxmtvurdjergk5oi2wc5ndivntqyp35xrqje6ys4vrbv23uufq",
            "ipv6cidr_block": null,
            "ipv6virtual_router_ip": null,
            "prohibit_internet_ingress": false,
            "prohibit_public_ip_on_vnic": false,
            "route_table_id": "ocid1.routetable.oc1.uk-london-1.aaaaaaaat3hnid6ubdcxjoekfal33s43lb7f2odiiauilk4ntcsh73npgwjq",
            "security_list_ids": [
              "ocid1.securitylist.oc1.uk-london-1.aaaaaaaauik7orn6ca4opspzz3pm4vgdvey4licw63jycesbge2itbfmprla"
            ],
            "state": "AVAILABLE",
            "subnet_domain_name": "karthiocin2.karthiocivcn.oraclevcn.com",
            "time_created": "2022-01-31 00:40:39.999 +0000 UTC",
            "timeouts": null,
            "vcn_id": "ocid1.vcn.oc1.uk-london-1.amaaaaaazstgxmialhpu6y2zgw4em5ncc5kgjalasmusaq5aqjedfqdwppvq",
            "virtual_router_ip": "10.0.1.1",
            "virtual_router_mac": "00:00:17:9E:D2:53"
          },
          "sensitive_attributes": [],
          "private": "eyJlMmJmYjczMC1lY2FhLTExZTYtOGY4OC0zNDM2M2JjN2M0YzAiOnsiY3JlYXRlIjoxMjAwMDAwMDAwMDAwLCJkZWxldGUiOjEyMDAwMDAwMDAwMDAsInVwZGF0ZSI6MTIwMDAwMDAwMDAwMH19",
          "dependencies": [
            "oci_core_dhcp_options.KarthiOCIDhcpOptions1",
            "oci_core_nat_gateway.KarthiOCINATGateway",
            "oci_core_route_table.KarthiOCIRouteTableViaNAT",
            "oci_core_virtual_network.KarthiOCIVCN",
            "oci_identity_compartment.KarthiOCICompartment"
          ]
        }
      ]
    },
    {
      "mode": "managed",
      "type": "oci_core_virtual_network",
      "name": "KarthiOCIVCN",
      "provider": "provider[\"registry.terraform.io/hashicorp/oci\"]",
      "instances": [
        {
          "schema_version": 0,
          "attributes": {
            "cidr_block": "10.0.0.0/16",
            "cidr_blocks": [
              "10.0.0.0/16"
            ],
            "compartment_id": "ocid1.compartment.oc1..aaaaaaaasj7ceqsvmckdvd6dhtlbfzcsr4a5x2u7tz72eu5zkc5hww4scpyq",
            "default_dhcp_options_id": "ocid1.dhcpoptions.oc1.uk-london-1.aaaaaaaa36kwwtdopoahzux52dmxknng2bferagwjnltej4kwh3kh4epimqa",
            "default_route_table_id": "ocid1.routetable.oc1.uk-london-1.aaaaaaaayv2q26fjoci22ick65e4jnvcx2qip52hlwmu5nu63s76mur2pluq",
            "default_security_list_id": "ocid1.securitylist.oc1.uk-london-1.aaaaaaaauik7orn6ca4opspzz3pm4vgdvey4licw63jycesbge2itbfmprla",
            "defined_tags": {
              "Oracle-Tags.CreatedBy": "oracleidentitycloudservice/karthi.mahadevan@amberlabs.io",
              "Oracle-Tags.CreatedOn": "2022-01-31T00:40:35.826Z"
            },
            "display_name": "KarthiOCIVCN",
            "dns_label": "karthiocivcn",
            "freeform_tags": {},
            "id": "ocid1.vcn.oc1.uk-london-1.amaaaaaazstgxmialhpu6y2zgw4em5ncc5kgjalasmusaq5aqjedfqdwppvq",
            "ipv6cidr_blocks": [],
            "is_ipv6enabled": false,
            "state": "AVAILABLE",
            "time_created": "2022-01-31 00:40:35.89 +0000 UTC",
            "timeouts": null,
            "vcn_domain_name": "karthiocivcn.oraclevcn.com"
          },
          "sensitive_attributes": [],
          "private": "eyJlMmJmYjczMC1lY2FhLTExZTYtOGY4OC0zNDM2M2JjN2M0YzAiOnsiY3JlYXRlIjoxMjAwMDAwMDAwMDAwLCJkZWxldGUiOjEyMDAwMDAwMDAwMDAsInVwZGF0ZSI6MTIwMDAwMDAwMDAwMH19",
          "dependencies": [
            "oci_identity_compartment.KarthiOCICompartment"
          ]
        }
      ]
    },
    {
      "mode": "managed",
      "type": "oci_identity_compartment",
      "name": "KarthiOCICompartment",
      "provider": "provider[\"registry.terraform.io/hashicorp/oci\"]",
      "instances": [
        {
          "schema_version": 0,
          "attributes": {
            "compartment_id": "ocid1.tenancy.oc1..aaaaaaaabegzapxv5pe26hgu35c5disknl53q6yfcri2w3n4awmaxrilskza",
            "defined_tags": {
              "Oracle-Tags.CreatedBy": "oracleidentitycloudservice/karthi.mahadevan@amberlabs.io",
              "Oracle-Tags.CreatedOn": "2022-01-30T23:07:40.122Z"
            },
            "description": "KarthiOCI Compartment",
            "enable_delete": null,
            "freeform_tags": {},
            "id": "ocid1.compartment.oc1..aaaaaaaasj7ceqsvmckdvd6dhtlbfzcsr4a5x2u7tz72eu5zkc5hww4scpyq",
            "inactive_state": null,
            "is_accessible": true,
            "name": "KarthiOCICompartment",
            "state": "ACTIVE",
            "time_created": "2022-01-30 23:07:40.258 +0000 UTC",
            "timeouts": null
          },
          "sensitive_attributes": [],
          "private": "eyJlMmJmYjczMC1lY2FhLTExZTYtOGY4OC0zNDM2M2JjN2M0YzAiOnsiZGVsZXRlIjo1NDAwMDAwMDAwMDAwfX0="
        }
      ]
    },
    {
      "mode": "managed",
      "type": "oci_load_balancer",
      "name": "KarthiOCIFlexPublicLoadBalancer",
      "provider": "provider[\"registry.terraform.io/hashicorp/oci\"]",
      "instances": [
        {
          "schema_version": 0,
          "attributes": {
            "compartment_id": "ocid1.compartment.oc1..aaaaaaaasj7ceqsvmckdvd6dhtlbfzcsr4a5x2u7tz72eu5zkc5hww4scpyq",
            "defined_tags": {
              "Oracle-Tags.CreatedBy": "oracleidentitycloudservice/karthi.mahadevan@amberlabs.io",
              "Oracle-Tags.CreatedOn": "2022-01-31T00:59:06.816Z"
            },
            "display_name": "KarthiOCIFlexPublicLB",
            "freeform_tags": {},
            "id": "ocid1.loadbalancer.oc1.uk-london-1.aaaaaaaazjb6z43ryosx676lnbmxrlnnzmuro6sm6vdxbux4qdhs4qsune4q",
            "ip_address_details": [
              {
                "ip_address": "143.47.244.58",
                "is_public": true,
                "reserved_ip": []
              }
            ],
            "ip_addresses": [
              "143.47.244.58"
            ],
            "ip_mode": "IPV4",
            "is_private": false,
            "network_security_group_ids": [
              "ocid1.networksecuritygroup.oc1.uk-london-1.aaaaaaaapt2f7p4b7nayjcaadj5a6gtssr2f4y3nawcw26xzsxbznnnyin3a"
            ],
            "reserved_ips": [],
            "shape": "flexible",
            "shape_details": [
              {
                "maximum_bandwidth_in_mbps": 10,
                "minimum_bandwidth_in_mbps": 10
              }
            ],
            "state": "ACTIVE",
            "subnet_ids": [
              "ocid1.subnet.oc1.uk-london-1.aaaaaaaa7ehjhzurbb5gktzpaclge25pfzez2sxuxk6u3wdx2mawyyjsiema"
            ],
            "system_tags": {},
            "time_created": "2022-01-31 00:59:07.201 +0000 UTC",
            "timeouts": null
          },
          "sensitive_attributes": [],
          "private": "eyJlMmJmYjczMC1lY2FhLTExZTYtOGY4OC0zNDM2M2JjN2M0YzAiOnsiY3JlYXRlIjoxMjAwMDAwMDAwMDAwLCJkZWxldGUiOjEyMDAwMDAwMDAwMDAsInVwZGF0ZSI6MTIwMDAwMDAwMDAwMH19",
          "dependencies": [
            "oci_core_network_security_group.KarthiOCIWebSecurityGroup",
            "oci_core_route_table.KarthiOCIRouteTableViaIGW",
            "oci_core_subnet.KarthiOCILBSubnet",
            "oci_core_virtual_network.KarthiOCIVCN",
            "oci_identity_compartment.KarthiOCICompartment",
            "oci_core_dhcp_options.KarthiOCIDhcpOptions1",
            "oci_core_internet_gateway.KarthiOCIInternetGateway"
          ]
        }
      ]
    },
    {
      "mode": "managed",
      "type": "oci_load_balancer_backend",
      "name": "KarthiOCIFlexPublicLoadBalancerBackend",
      "provider": "provider[\"registry.terraform.io/hashicorp/oci\"]",
      "instances": [
        {
          "index_key": 0,
          "schema_version": 0,
          "attributes": {
            "backendset_name": "KarthiOCIFlexLBBackendset",
            "backup": false,
            "drain": false,
            "id": "loadBalancers/ocid1.loadbalancer.oc1.uk-london-1.aaaaaaaazjb6z43ryosx676lnbmxrlnnzmuro6sm6vdxbux4qdhs4qsune4q/backendSets/KarthiOCIFlexLBBackendset/backends/10.0.1.239:80",
            "ip_address": "10.0.1.239",
            "load_balancer_id": "ocid1.loadbalancer.oc1.uk-london-1.aaaaaaaazjb6z43ryosx676lnbmxrlnnzmuro6sm6vdxbux4qdhs4qsune4q",
            "name": "10.0.1.239:80",
            "offline": false,
            "port": 80,
            "state": "SUCCEEDED",
            "timeouts": null,
            "weight": 1
          },
          "sensitive_attributes": [],
          "private": "eyJlMmJmYjczMC1lY2FhLTExZTYtOGY4OC0zNDM2M2JjN2M0YzAiOnsiY3JlYXRlIjoxMjAwMDAwMDAwMDAwLCJkZWxldGUiOjEyMDAwMDAwMDAwMDAsInVwZGF0ZSI6MTIwMDAwMDAwMDAwMH19",
          "dependencies": [
            "data.template_cloudinit_config.cloud_init",
            "oci_core_route_table.KarthiOCIRouteTableViaNAT",
            "oci_identity_compartment.KarthiOCICompartment",
            "tls_private_key.public_private_key_pair",
            "oci_core_instance.karthiOCIWebserver",
            "oci_core_internet_gateway.KarthiOCIInternetGateway",
            "oci_core_nat_gateway.KarthiOCINATGateway",
            "oci_core_network_security_group.KarthiOCIWebSecurityGroup",
            "oci_core_route_table.KarthiOCIRouteTableViaIGW",
            "oci_core_subnet.KarthiOCIWebSubnet",
            "oci_core_virtual_network.KarthiOCIVCN",
            "data.oci_core_images.InstanceImageOCID",
            "data.template_file.key_script",
            "oci_core_dhcp_options.KarthiOCIDhcpOptions1",
            "oci_load_balancer.KarthiOCIFlexPublicLoadBalancer",
            "oci_core_subnet.KarthiOCILBSubnet",
            "oci_load_balancer_backendset.KarthiOCIFlexPublicLoadBalancerBackendset"
          ]
        },
        {
          "index_key": 1,
          "schema_version": 0,
          "attributes": {
            "backendset_name": "KarthiOCIFlexLBBackendset",
            "backup": false,
            "drain": false,
            "id": "loadBalancers/ocid1.loadbalancer.oc1.uk-london-1.aaaaaaaazjb6z43ryosx676lnbmxrlnnzmuro6sm6vdxbux4qdhs4qsune4q/backendSets/KarthiOCIFlexLBBackendset/backends/10.0.1.63:80",
            "ip_address": "10.0.1.63",
            "load_balancer_id": "ocid1.loadbalancer.oc1.uk-london-1.aaaaaaaazjb6z43ryosx676lnbmxrlnnzmuro6sm6vdxbux4qdhs4qsune4q",
            "name": "10.0.1.63:80",
            "offline": false,
            "port": 80,
            "state": "SUCCEEDED",
            "timeouts": null,
            "weight": 1
          },
          "sensitive_attributes": [],
          "private": "eyJlMmJmYjczMC1lY2FhLTExZTYtOGY4OC0zNDM2M2JjN2M0YzAiOnsiY3JlYXRlIjoxMjAwMDAwMDAwMDAwLCJkZWxldGUiOjEyMDAwMDAwMDAwMDAsInVwZGF0ZSI6MTIwMDAwMDAwMDAwMH19",
          "dependencies": [
            "tls_private_key.public_private_key_pair",
            "oci_core_instance.karthiOCIWebserver",
            "oci_core_internet_gateway.KarthiOCIInternetGateway",
            "oci_core_virtual_network.KarthiOCIVCN",
            "oci_core_subnet.KarthiOCIWebSubnet",
            "data.template_cloudinit_config.cloud_init",
            "oci_core_route_table.KarthiOCIRouteTableViaIGW",
            "oci_core_subnet.KarthiOCILBSubnet",
            "oci_core_route_table.KarthiOCIRouteTableViaNAT",
            "oci_identity_compartment.KarthiOCICompartment",
            "oci_load_balancer_backendset.KarthiOCIFlexPublicLoadBalancerBackendset",
            "data.oci_core_images.InstanceImageOCID",
            "oci_core_nat_gateway.KarthiOCINATGateway",
            "oci_core_network_security_group.KarthiOCIWebSecurityGroup",
            "data.template_file.key_script",
            "oci_core_dhcp_options.KarthiOCIDhcpOptions1",
            "oci_load_balancer.KarthiOCIFlexPublicLoadBalancer"
          ]
        },
        {
          "index_key": 2,
          "schema_version": 0,
          "attributes": {
            "backendset_name": "KarthiOCIFlexLBBackendset",
            "backup": false,
            "drain": false,
            "id": "loadBalancers/ocid1.loadbalancer.oc1.uk-london-1.aaaaaaaazjb6z43ryosx676lnbmxrlnnzmuro6sm6vdxbux4qdhs4qsune4q/backendSets/KarthiOCIFlexLBBackendset/backends/10.0.1.36:80",
            "ip_address": "10.0.1.36",
            "load_balancer_id": "ocid1.loadbalancer.oc1.uk-london-1.aaaaaaaazjb6z43ryosx676lnbmxrlnnzmuro6sm6vdxbux4qdhs4qsune4q",
            "name": "10.0.1.36:80",
            "offline": false,
            "port": 80,
            "state": "SUCCEEDED",
            "timeouts": null,
            "weight": 1
          },
          "sensitive_attributes": [],
          "private": "eyJlMmJmYjczMC1lY2FhLTExZTYtOGY4OC0zNDM2M2JjN2M0YzAiOnsiY3JlYXRlIjoxMjAwMDAwMDAwMDAwLCJkZWxldGUiOjEyMDAwMDAwMDAwMDAsInVwZGF0ZSI6MTIwMDAwMDAwMDAwMH19",
          "dependencies": [
            "oci_core_subnet.KarthiOCIWebSubnet",
            "oci_core_virtual_network.KarthiOCIVCN",
            "data.oci_core_images.InstanceImageOCID",
            "data.template_file.key_script",
            "oci_core_network_security_group.KarthiOCIWebSecurityGroup",
            "oci_core_subnet.KarthiOCILBSubnet",
            "tls_private_key.public_private_key_pair",
            "oci_core_dhcp_options.KarthiOCIDhcpOptions1",
            "oci_core_nat_gateway.KarthiOCINATGateway",
            "oci_identity_compartment.KarthiOCICompartment",
            "oci_load_balancer.KarthiOCIFlexPublicLoadBalancer",
            "oci_core_route_table.KarthiOCIRouteTableViaIGW",
            "oci_core_route_table.KarthiOCIRouteTableViaNAT",
            "oci_core_internet_gateway.KarthiOCIInternetGateway",
            "oci_load_balancer_backendset.KarthiOCIFlexPublicLoadBalancerBackendset",
            "data.template_cloudinit_config.cloud_init",
            "oci_core_instance.karthiOCIWebserver"
          ]
        }
      ]
    },
    {
      "mode": "managed",
      "type": "oci_load_balancer_backendset",
      "name": "KarthiOCIFlexPublicLoadBalancerBackendset",
      "provider": "provider[\"registry.terraform.io/hashicorp/oci\"]",
      "instances": [
        {
          "schema_version": 0,
          "attributes": {
            "backend": [
              {
                "backup": false,
                "drain": false,
                "ip_address": "10.0.1.239",
                "name": "10.0.1.239:80",
                "offline": false,
                "port": 80,
                "weight": 1
              },
              {
                "backup": false,
                "drain": false,
                "ip_address": "10.0.1.36",
                "name": "10.0.1.36:80",
                "offline": false,
                "port": 80,
                "weight": 1
              },
              {
                "backup": false,
                "drain": false,
                "ip_address": "10.0.1.63",
                "name": "10.0.1.63:80",
                "offline": false,
                "port": 80,
                "weight": 1
              }
            ],
            "health_checker": [
              {
                "interval_ms": 30000,
                "port": 80,
                "protocol": "HTTP",
                "response_body_regex": ".*",
                "retries": 3,
                "return_code": 200,
                "timeout_in_millis": 3000,
                "url_path": "/"
              }
            ],
            "id": "loadBalancers/ocid1.loadbalancer.oc1.uk-london-1.aaaaaaaazjb6z43ryosx676lnbmxrlnnzmuro6sm6vdxbux4qdhs4qsune4q/backendSets/KarthiOCIFlexLBBackendset",
            "lb_cookie_session_persistence_configuration": [],
            "load_balancer_id": "ocid1.loadbalancer.oc1.uk-london-1.aaaaaaaazjb6z43ryosx676lnbmxrlnnzmuro6sm6vdxbux4qdhs4qsune4q",
            "name": "KarthiOCIFlexLBBackendset",
            "policy": "ROUND_ROBIN",
            "session_persistence_configuration": [],
            "ssl_configuration": [],
            "state": "SUCCEEDED",
            "timeouts": null
          },
          "sensitive_attributes": [],
          "private": "eyJlMmJmYjczMC1lY2FhLTExZTYtOGY4OC0zNDM2M2JjN2M0YzAiOnsiY3JlYXRlIjoxMjAwMDAwMDAwMDAwLCJkZWxldGUiOjEyMDAwMDAwMDAwMDAsInVwZGF0ZSI6MTIwMDAwMDAwMDAwMH19",
          "dependencies": [
            "oci_identity_compartment.KarthiOCICompartment",
            "oci_load_balancer.KarthiOCIFlexPublicLoadBalancer",
            "oci_core_dhcp_options.KarthiOCIDhcpOptions1",
            "oci_core_internet_gateway.KarthiOCIInternetGateway",
            "oci_core_network_security_group.KarthiOCIWebSecurityGroup",
            "oci_core_route_table.KarthiOCIRouteTableViaIGW",
            "oci_core_subnet.KarthiOCILBSubnet",
            "oci_core_virtual_network.KarthiOCIVCN"
          ]
        }
      ]
    },
    {
      "mode": "managed",
      "type": "oci_load_balancer_listener",
      "name": "KarthiOCIFlexPublicLoadBalancerListener",
      "provider": "provider[\"registry.terraform.io/hashicorp/oci\"]",
      "instances": [
        {
          "schema_version": 0,
          "attributes": {
            "connection_configuration": [
              {
                "backend_tcp_proxy_protocol_version": 0,
                "idle_timeout_in_seconds": "60"
              }
            ],
            "default_backend_set_name": "KarthiOCIFlexLBBackendset",
            "hostname_names": [],
            "id": "loadBalancers/ocid1.loadbalancer.oc1.uk-london-1.aaaaaaaazjb6z43ryosx676lnbmxrlnnzmuro6sm6vdxbux4qdhs4qsune4q/listeners/KarthiOCIFlexLBListener",
            "load_balancer_id": "ocid1.loadbalancer.oc1.uk-london-1.aaaaaaaazjb6z43ryosx676lnbmxrlnnzmuro6sm6vdxbux4qdhs4qsune4q",
            "name": "KarthiOCIFlexLBListener",
            "path_route_set_name": null,
            "port": 80,
            "protocol": "HTTP",
            "routing_policy_name": null,
            "rule_set_names": [],
            "ssl_configuration": [],
            "state": "SUCCEEDED",
            "timeouts": null
          },
          "sensitive_attributes": [],
          "private": "eyJlMmJmYjczMC1lY2FhLTExZTYtOGY4OC0zNDM2M2JjN2M0YzAiOnsiY3JlYXRlIjoxMjAwMDAwMDAwMDAwLCJkZWxldGUiOjEyMDAwMDAwMDAwMDAsInVwZGF0ZSI6MTIwMDAwMDAwMDAwMH19",
          "dependencies": [
            "oci_load_balancer.KarthiOCIFlexPublicLoadBalancer",
            "oci_load_balancer_backendset.KarthiOCIFlexPublicLoadBalancerBackendset",
            "oci_core_dhcp_options.KarthiOCIDhcpOptions1",
            "oci_core_network_security_group.KarthiOCIWebSecurityGroup",
            "oci_core_route_table.KarthiOCIRouteTableViaIGW",
            "oci_core_subnet.KarthiOCILBSubnet",
            "oci_core_internet_gateway.KarthiOCIInternetGateway",
            "oci_core_virtual_network.KarthiOCIVCN",
            "oci_identity_compartment.KarthiOCICompartment"
          ]
        }
      ]
    },
    {
      "mode": "managed",
      "type": "tls_private_key",
      "name": "public_private_key_pair",
      "provider": "provider[\"registry.terraform.io/hashicorp/tls\"]",
      "instances": [
        {
          "schema_version": 0,
          "attributes": {
            "algorithm": "RSA",
            "ecdsa_curve": "P224",
            "id": "631b7bb622d27022b2e92fdac08957a4b9c247c8",
            "private_key_pem": "-----BEGIN RSA PRIVATE KEY-----\nMIIEpgIBAAKCAQEA00HvnXvoF8UkB65CaLr4rGad8/bXaA6fG7yeyniqA2xSqg35\nynWCoIFnu3Aw+PeUm9hUY2nWDLiGCkQnCJ9StV3q2/45d2HiJMwXuOiTiw32TrU5\ncfMcfIwbThK79AZCuTC2G2Dbqe7XKwZQkIDm8DirB2X5AimnZTw/bMRgwK0tDsjj\niFyjjItpmwIKb2KLw9Q6PdL+iK8fDSI/Glp9FS3vr2lDgTHwgfNRe7JN/9nsTQZx\nv0r3To0OJB/C4wv/FhSfzKCFZiJQjyUh+/rB9YZOmRqFBwdsNNNIMPpQfNKNNHy8\nCc0wvJf/VXDX8orPqVsHVHIlDJu6b1me8WVRYwIDAQABAoIBAQDMdza5D6G0z+Nt\nY6V2w+/GvJMH+tLFLdGlAMwXXu393iur11b6Mv2450ZEzfM4JDe7FoemqFq5eSaS\nbR/yYnGkhD+5qLZp61z7DGWxW7jhjyPjTddJiGj7yobq64rqRdzybEj0+qvgLwAl\n7jivg3MA8Xfm8zUseLBBdSxV00NpdvBCIkKDY4yHytgo78e9E9zT5FWBy00vxYEK\nymU8qAIcbMldny4/dwNJtmE3ZEEK7v7ukf7SYywfAsc5md5yHeG4iZylPoeZZsYb\nlS+2xIQuN0h43sEx4k2ywaAoGB63qcy6gUXzOntc1i36qGjhIgumzMSpnEN1jEll\nnYpMi+jhAoGBAN2RI97LZ1G7A627hCYP9+vPI0NCWL+Xs14ANTXxpxZsfmsaRPnx\nNtq5h24q+dw26swJj0nDtcLCy0k9nQb74kh/aWJOSBVW8Zxn9bNQhs/RiGB9uN4J\nQ+2aYYruIU0gYUBHkXTu6pTnUjrBdSOujeS9ooSrkkw5OetQncjUe+RLAoGBAPQW\npStUzGEZ6dLc1htnRaXbfHOUWxm94rQokwzcF/D+RKvPcVu4uP1KM9+UNjHXuLz5\nFEk6tH1m7efA2dRaULFrvLorIrtnE1LzLlI7jzeKLRdk4Q8LHdhLOr/5cuqlVnW6\nRqhku7EW0XDJ2Gps/1w7Bn6+Rv5L0uJlaEz8wKhJAoGBAJaS3me4n7yBdZyJxOMB\nEyFkIbjBzAJYnAMT7RV95mlszfUHYzzg2sCGOS17c1Ze0+5ZyND+efWj3/ckMiTe\n5QcT35B5Vq956LS8SdPUs+ljomTAy/PJJCrDMeryrhr2GGFQwd9PxofvNIjNlEft\nhmyfG2VCHChE88GhhblH/fJFAoGBAL70pF0E5yukATiUyfAAWA2Ma41kZ+z4j84P\n3BL4cMZ5tbGQBYgTOK33iiOEqO1PbdhxKHytr5xXlRF03zVxPqW+upQOwQpJdmWz\nl+5/Z+i0cdhWdHe3Y67eE+UyOsP1e3F4vGRrAidlyY5qaqPAB/rYtpkbNSEmoqG5\nYeKw7ev5AoGBAJIp4uhiiQVfA2mQY1beBZR3jqtsXznMsT/7jKeOjhaOe4/dAXmP\nv14EVZFHTiVHjXSQmrLft3aB/0lJOCNuvo88PR+xkQ5e+B3MF7MoUpsF1PBxB/kX\nNRv8AfE4ftiEvHHw9el5mrypShzx91CkmOvfUTGiPvw3DAECJyoy5KJO\n-----END RSA PRIVATE KEY-----\n",
            "public_key_fingerprint_md5": "5b:66:59:a3:32:f5:26:98:19:cf:eb:78:3b:ad:7f:a4",
            "public_key_openssh": "ssh-rsa AAAAB3NzaC1yc2EAAAADAQABAAABAQDTQe+de+gXxSQHrkJouvisZp3z9tdoDp8bvJ7KeKoDbFKqDfnKdYKggWe7cDD495Sb2FRjadYMuIYKRCcIn1K1Xerb/jl3YeIkzBe46JOLDfZOtTlx8xx8jBtOErv0BkK5MLYbYNup7tcrBlCQgObwOKsHZfkCKadlPD9sxGDArS0OyOOIXKOMi2mbAgpvYovD1Do90v6Irx8NIj8aWn0VLe+vaUOBMfCB81F7sk3/2exNBnG/SvdOjQ4kH8LjC/8WFJ/MoIVmIlCPJSH7+sH1hk6ZGoUHB2w000gw+lB80o00fLwJzTC8l/9VcNfyis+pWwdUciUMm7pvWZ7xZVFj\n",
            "public_key_pem": "-----BEGIN PUBLIC KEY-----\nMIIBIjANBgkqhkiG9w0BAQEFAAOCAQ8AMIIBCgKCAQEA00HvnXvoF8UkB65CaLr4\nrGad8/bXaA6fG7yeyniqA2xSqg35ynWCoIFnu3Aw+PeUm9hUY2nWDLiGCkQnCJ9S\ntV3q2/45d2HiJMwXuOiTiw32TrU5cfMcfIwbThK79AZCuTC2G2Dbqe7XKwZQkIDm\n8DirB2X5AimnZTw/bMRgwK0tDsjjiFyjjItpmwIKb2KLw9Q6PdL+iK8fDSI/Glp9\nFS3vr2lDgTHwgfNRe7JN/9nsTQZxv0r3To0OJB/C4wv/FhSfzKCFZiJQjyUh+/rB\n9YZOmRqFBwdsNNNIMPpQfNKNNHy8Cc0wvJf/VXDX8orPqVsHVHIlDJu6b1me8WVR\nYwIDAQAB\n-----END PUBLIC KEY-----\n",
            "rsa_bits": 2048
          },
          "sensitive_attributes": [],
          "private": "bnVsbA=="
        }
      ]
    }
  ]
}
